{
  "version": 4,
  "terraform_version": "1.15.8",
  "serial": 69,
  "lineage": "ae571e8d-f25a-3828-ead1-71fd89395abe",
  "outputs": {
    "database_password": {
      "value": "J_pij#IytnpM6lPZ?TuibJ1V",
      "type": "string",
      "sensitive": true
    },
    "primary": {
      "value": {
        "alb_dns": "sin-final-project-primary-alb-786822385.eu-west-1.elb.amazonaws.com",
        "db_endpoint": "sin-final-project-primary-postgres.ch684u8cyvxr.eu-west-1.rds.amazonaws.com",
        "instance_id": "i-038b5e80ec025f277",
        "public_ip": "52.210.244.222",
        "queue_url": "https://sqs.eu-west-1.amazonaws.com/595658221962/sin-final-project-primary-orders",
        "region": "eu-west-1"
      },
      "type": [
        "object",
        {
          "alb_dns": "string",
          "db_endpoint": "string",
          "instance_id": "string",
          "public_ip": "string",
          "queue_url": "string",
          "region": "string"
        }
      ]
    },
    "standby": {
      "value": {
        "alb_dns": "sin-final-project-standby-alb-1120867931.eu-central-1.elb.amazonaws.com",
        "db_endpoint": "sin-final-project-standby-postgres.c3gy0u8gkc1a.eu-central-1.rds.amazonaws.com",
        "instance_id": "i-0ace7290fdb2a0024",
        "public_ip": "3.120.151.206",
        "queue_url": "https://sqs.eu-central-1.amazonaws.com/595658221962/sin-final-project-standby-orders",
        "region": "eu-central-1"
      },
      "type": [
        "object",
        {
          "alb_dns": "string",
          "db_endpoint": "string",
          "instance_id": "string",
          "public_ip": "string",
          "queue_url": "string",
          "region": "string"
        }
      ]
    }
  },
  "resources": [
    {
      "mode": "managed",
      "type": "aws_secretsmanager_secret",
      "name": "primary_database",
      "provider": "provider[\"registry.terraform.io/hashicorp/aws\"].primary",
      "instances": [
        {
          "schema_version": 0,
          "attributes": {
            "arn": "arn:aws:secretsmanager:eu-west-1:595658221962:secret:sin-final-project/primary/database-uDO1XU",
            "description": "",
            "force_overwrite_replica_secret": false,
            "id": "arn:aws:secretsmanager:eu-west-1:595658221962:secret:sin-final-project/primary/database-uDO1XU",
            "kms_key_id": "",
            "name": "sin-final-project/primary/database",
            "name_prefix": "",
            "policy": "",
            "recovery_window_in_days": 30,
            "replica": [],
            "tags": {},
            "tags_all": {
              "DRPattern": "warm-standby",
              "ManagedBy": "terraform",
              "Project": "sin-final-project"
            }
          },
          "sensitive_attributes": [],
          "identity_schema_version": 0,
          "private": "bnVsbA=="
        }
      ]
    },
    {
      "mode": "managed",
      "type": "aws_secretsmanager_secret",
      "name": "standby_database",
      "provider": "provider[\"registry.terraform.io/hashicorp/aws\"].standby",
      "instances": [
        {
          "schema_version": 0,
          "attributes": {
            "arn": "arn:aws:secretsmanager:eu-central-1:595658221962:secret:sin-final-project/standby/database-nf77kl",
            "description": "",
            "force_overwrite_replica_secret": false,
            "id": "arn:aws:secretsmanager:eu-central-1:595658221962:secret:sin-final-project/standby/database-nf77kl",
            "kms_key_id": "",
            "name": "sin-final-project/standby/database",
            "name_prefix": "",
            "policy": "",
            "recovery_window_in_days": 30,
            "replica": [],
            "tags": {},
            "tags_all": {
              "DRPattern": "warm-standby",
              "ManagedBy": "terraform",
              "Project": "sin-final-project"
            }
          },
          "sensitive_attributes": [],
          "identity_schema_version": 0,
          "private": "bnVsbA=="
        }
      ]
    },
    {
      "mode": "managed",
      "type": "aws_secretsmanager_secret_version",
      "name": "primary_database",
      "provider": "provider[\"registry.terraform.io/hashicorp/aws\"].primary",
      "instances": [
        {
          "schema_version": 0,
          "attributes": {
            "arn": "arn:aws:secretsmanager:eu-west-1:595658221962:secret:sin-final-project/primary/database-uDO1XU",
            "has_secret_string_wo": null,
            "id": "arn:aws:secretsmanager:eu-west-1:595658221962:secret:sin-final-project/primary/database-uDO1XU|terraform-20260725171505768500000007",
            "secret_binary": "",
            "secret_id": "arn:aws:secretsmanager:eu-west-1:595658221962:secret:sin-final-project/primary/database-uDO1XU",
            "secret_string": "{\"database\":\"shopdb\",\"host\":\"sin-final-project-primary-postgres.ch684u8cyvxr.eu-west-1.rds.amazonaws.com\",\"password\":\"J_pij#IytnpM6lPZ?TuibJ1V\",\"port\":5432,\"username\":\"shopadmin\"}",
            "secret_string_wo": null,
            "secret_string_wo_version": null,
            "version_id": "terraform-20260725171505768500000007",
            "version_stages": [
              "AWSCURRENT"
            ]
          },
          "sensitive_attributes": [
            [
              {
                "type": "get_attr",
                "value": "secret_binary"
              }
            ],
            [
              {
                "type": "get_attr",
                "value": "secret_string"
              }
            ],
            [
              {
                "type": "get_attr",
                "value": "secret_string_wo"
              }
            ]
          ],
          "identity_schema_version": 0,
          "private": "bnVsbA==",
          "dependencies": [
            "aws_secretsmanager_secret.primary_database",
            "module.primary.aws_security_group.alb",
            "module.primary.aws_security_group.app",
            "module.primary.aws_security_group.database",
            "module.primary.aws_subnet.private",
            "module.primary.aws_vpc.this",
            "module.primary.data.aws_availability_zones.available",
            "module.primary_database.aws_db_instance.this",
            "module.primary_database.aws_db_subnet_group.this",
            "random_password.database"
          ]
        }
      ]
    },
    {
      "mode": "managed",
      "type": "aws_secretsmanager_secret_version",
      "name": "standby_database",
      "provider": "provider[\"registry.terraform.io/hashicorp/aws\"].standby",
      "instances": [
        {
          "schema_version": 0,
          "attributes": {
            "arn": "arn:aws:secretsmanager:eu-central-1:595658221962:secret:sin-final-project/standby/database-nf77kl",
            "has_secret_string_wo": null,
            "id": "arn:aws:secretsmanager:eu-central-1:595658221962:secret:sin-final-project/standby/database-nf77kl|terraform-20260725173431603900000006",
            "secret_binary": "",
            "secret_id": "arn:aws:secretsmanager:eu-central-1:595658221962:secret:sin-final-project/standby/database-nf77kl",
            "secret_string": "{\"database\":\"shopdb\",\"host\":\"sin-final-project-standby-postgres.c3gy0u8gkc1a.eu-central-1.rds.amazonaws.com\",\"password\":\"J_pij#IytnpM6lPZ?TuibJ1V\",\"port\":5432,\"readonly\":true,\"username\":\"shopadmin\"}",
            "secret_string_wo": null,
            "secret_string_wo_version": null,
            "version_id": "terraform-20260725173431603900000006",
            "version_stages": [
              "AWSCURRENT"
            ]
          },
          "sensitive_attributes": [
            [
              {
                "type": "get_attr",
                "value": "secret_binary"
              }
            ],
            [
              {
                "type": "get_attr",
                "value": "secret_string"
              }
            ],
            [
              {
                "type": "get_attr",
                "value": "secret_string_wo"
              }
            ]
          ],
          "identity_schema_version": 0,
          "private": "bnVsbA==",
          "dependencies": [
            "aws_secretsmanager_secret.standby_database",
            "module.primary.aws_security_group.alb",
            "module.primary.aws_security_group.app",
            "module.primary.aws_security_group.database",
            "module.primary.aws_subnet.private",
            "module.primary.aws_vpc.this",
            "module.primary.data.aws_availability_zones.available",
            "module.primary_database.aws_db_instance.this",
            "module.primary_database.aws_db_subnet_group.this",
            "module.standby.aws_security_group.alb",
            "module.standby.aws_security_group.app",
            "module.standby.aws_security_group.database",
            "module.standby.aws_subnet.private",
            "module.standby.aws_vpc.this",
            "module.standby.data.aws_availability_zones.available",
            "module.standby_database.aws_db_instance.this",
            "module.standby_database.aws_db_subnet_group.this",
            "module.standby_database.aws_kms_key.replica",
            "random_password.database"
          ]
        }
      ]
    },
    {
      "mode": "managed",
      "type": "random_password",
      "name": "database",
      "provider": "provider[\"registry.terraform.io/hashicorp/random\"]",
      "instances": [
        {
          "schema_version": 3,
          "attributes": {
            "bcrypt_hash": "$2a$10$7sDkNKf6g0so.Kcv/EpnaeI3mSHR4..dpF6GhxMc6NB1mVzrbz9HK",
            "id": "none",
            "keepers": null,
            "length": 24,
            "lower": true,
            "min_lower": 0,
            "min_numeric": 0,
            "min_special": 0,
            "min_upper": 0,
            "number": true,
            "numeric": true,
            "override_special": "!#$%\u0026*+-=?@^_",
            "result": "J_pij#IytnpM6lPZ?TuibJ1V",
            "special": true,
            "upper": true
          },
          "sensitive_attributes": [
            [
              {
                "type": "get_attr",
                "value": "bcrypt_hash"
              }
            ],
            [
              {
                "type": "get_attr",
                "value": "result"
              }
            ]
          ],
          "identity_schema_version": 0
        }
      ]
    },
    {
      "module": "module.primary",
      "mode": "data",
      "type": "aws_availability_zones",
      "name": "available",
      "provider": "provider[\"registry.terraform.io/hashicorp/aws\"].primary",
      "instances": [
        {
          "schema_version": 0,
          "attributes": {
            "all_availability_zones": null,
            "exclude_names": null,
            "exclude_zone_ids": null,
            "filter": null,
            "group_names": [
              "eu-west-1-zg-1"
            ],
            "id": "eu-west-1",
            "names": [
              "eu-west-1a",
              "eu-west-1b",
              "eu-west-1c"
            ],
            "state": "available",
            "timeouts": null,
            "zone_ids": [
              "euw1-az2",
              "euw1-az3",
              "euw1-az1"
            ]
          },
          "sensitive_attributes": [],
          "identity_schema_version": 0
        }
      ]
    },
    {
      "module": "module.primary",
      "mode": "data",
      "type": "aws_region",
      "name": "current",
      "provider": "provider[\"registry.terraform.io/hashicorp/aws\"].primary",
      "instances": [
        {
          "schema_version": 0,
          "attributes": {
            "description": "Europe (Ireland)",
            "endpoint": "ec2.eu-west-1.amazonaws.com",
            "id": "eu-west-1",
            "name": "eu-west-1"
          },
          "sensitive_attributes": [],
          "identity_schema_version": 0
        }
      ]
    },
    {
      "module": "module.primary",
      "mode": "data",
      "type": "aws_ssm_parameter",
      "name": "ubuntu_ami",
      "provider": "provider[\"registry.terraform.io/hashicorp/aws\"].primary",
      "instances": [
        {
          "schema_version": 0,
          "attributes": {
            "arn": "arn:aws:ssm:eu-west-1::parameter/aws/service/canonical/ubuntu/server/24.04/stable/current/amd64/hvm/ebs-gp3/ami-id",
            "id": "/aws/service/canonical/ubuntu/server/24.04/stable/current/amd64/hvm/ebs-gp3/ami-id",
            "insecure_value": "ami-08c7a4b4f234dfa77",
            "name": "/aws/service/canonical/ubuntu/server/24.04/stable/current/amd64/hvm/ebs-gp3/ami-id",
            "type": "String",
            "value": "ami-08c7a4b4f234dfa77",
            "version": 74,
            "with_decryption": true
          },
          "sensitive_attributes": [
            [
              {
                "type": "get_attr",
                "value": "value"
              }
            ]
          ],
          "identity_schema_version": 0
        }
      ]
    },
    {
      "module": "module.primary",
      "mode": "managed",
      "type": "aws_iam_instance_profile",
      "name": "ec2",
      "provider": "provider[\"registry.terraform.io/hashicorp/aws\"].primary",
      "instances": [
        {
          "schema_version": 0,
          "attributes": {
            "arn": "arn:aws:iam::595658221962:instance-profile/sin-final-project-primary-ec2-profile",
            "create_date": "2026-07-25T17:02:02Z",
            "id": "sin-final-project-primary-ec2-profile",
            "name": "sin-final-project-primary-ec2-profile",
            "name_prefix": "",
            "path": "/",
            "role": "sin-final-project-primary-ec2-role",
            "tags": {},
            "tags_all": {
              "DRPattern": "warm-standby",
              "ManagedBy": "terraform",
              "Project": "sin-final-project"
            },
            "unique_id": "AIPAYVL77FGFI54JMLLO6"
          },
          "sensitive_attributes": [],
          "identity_schema_version": 0,
          "private": "bnVsbA==",
          "dependencies": [
            "module.primary.aws_iam_role.ec2"
          ]
        }
      ]
    },
    {
      "module": "module.primary",
      "mode": "managed",
      "type": "aws_iam_role",
      "name": "ec2",
      "provider": "provider[\"registry.terraform.io/hashicorp/aws\"].primary",
      "instances": [
        {
          "schema_version": 0,
          "attributes": {
            "arn": "arn:aws:iam::595658221962:role/sin-final-project-primary-ec2-role",
            "assume_role_policy": "{\"Statement\":[{\"Action\":\"sts:AssumeRole\",\"Effect\":\"Allow\",\"Principal\":{\"Service\":\"ec2.amazonaws.com\"}}],\"Version\":\"2012-10-17\"}",
            "create_date": "2026-07-25T17:02:01Z",
            "description": "",
            "force_detach_policies": false,
            "id": "sin-final-project-primary-ec2-role",
            "inline_policy": [
              {
                "name": "sin-final-project-primary-runtime",
                "policy": "{\"Version\":\"2012-10-17\",\"Statement\":[{\"Action\":[\"sqs:SendMessage\",\"sqs:ReceiveMessage\",\"sqs:DeleteMessage\",\"sqs:GetQueueAttributes\",\"sqs:GetQueueUrl\"],\"Effect\":\"Allow\",\"Resource\":[\"arn:aws:sqs:eu-west-1:595658221962:sin-final-project-primary-orders\",\"arn:aws:sqs:eu-west-1:595658221962:sin-final-project-primary-orders-dlq\"]},{\"Action\":[\"secretsmanager:GetSecretValue\",\"secretsmanager:DescribeSecret\"],\"Effect\":\"Allow\",\"Resource\":\"arn:aws:secretsmanager:eu-west-1:*:secret:sin-final-project/primary/database*\"}]}"
              }
            ],
            "managed_policy_arns": [],
            "max_session_duration": 3600,
            "name": "sin-final-project-primary-ec2-role",
            "name_prefix": "",
            "path": "/",
            "permissions_boundary": "",
            "tags": {},
            "tags_all": {
              "DRPattern": "warm-standby",
              "ManagedBy": "terraform",
              "Project": "sin-final-project"
            },
            "unique_id": "AROAYVL77FGFO4SHJASRQ"
          },
          "sensitive_attributes": [],
          "identity_schema_version": 0,
          "private": "bnVsbA=="
        }
      ]
    },
    {
      "module": "module.primary",
      "mode": "managed",
      "type": "aws_iam_role_policy",
      "name": "ec2",
      "provider": "provider[\"registry.terraform.io/hashicorp/aws\"].primary",
      "instances": [
        {
          "schema_version": 0,
          "attributes": {
            "id": "sin-final-project-primary-ec2-role:sin-final-project-primary-runtime",
            "name": "sin-final-project-primary-runtime",
            "name_prefix": "",
            "policy": "{\"Version\":\"2012-10-17\",\"Statement\":[{\"Action\":[\"sqs:SendMessage\",\"sqs:ReceiveMessage\",\"sqs:DeleteMessage\",\"sqs:GetQueueAttributes\",\"sqs:GetQueueUrl\"],\"Effect\":\"Allow\",\"Resource\":[\"arn:aws:sqs:eu-west-1:595658221962:sin-final-project-primary-orders\",\"arn:aws:sqs:eu-west-1:595658221962:sin-final-project-primary-orders-dlq\"]},{\"Action\":[\"secretsmanager:GetSecretValue\",\"secretsmanager:DescribeSecret\"],\"Effect\":\"Allow\",\"Resource\":\"arn:aws:secretsmanager:eu-west-1:*:secret:sin-final-project/primary/database*\"}]}",
            "role": "sin-final-project-primary-ec2-role"
          },
          "sensitive_attributes": [],
          "identity_schema_version": 0,
          "private": "bnVsbA==",
          "dependencies": [
            "module.primary.aws_iam_role.ec2",
            "module.primary.aws_sqs_queue.dlq",
            "module.primary.aws_sqs_queue.orders",
            "module.primary.data.aws_region.current"
          ]
        }
      ]
    },
    {
      "module": "module.primary",
      "mode": "managed",
      "type": "aws_instance",
      "name": "app",
      "provider": "provider[\"registry.terraform.io/hashicorp/aws\"].primary",
      "instances": [
        {
          "schema_version": 1,
          "attributes": {
            "ami": "ami-08c7a4b4f234dfa77",
            "arn": "arn:aws:ec2:eu-west-1:595658221962:instance/i-038b5e80ec025f277",
            "associate_public_ip_address": true,
            "availability_zone": "eu-west-1a",
            "capacity_reservation_specification": [
              {
                "capacity_reservation_preference": "open",
                "capacity_reservation_target": []
              }
            ],
            "cpu_core_count": 1,
            "cpu_options": [
              {
                "amd_sev_snp": "",
                "core_count": 1,
                "threads_per_core": 2
              }
            ],
            "cpu_threads_per_core": 2,
            "credit_specification": [
              {
                "cpu_credits": "unlimited"
              }
            ],
            "disable_api_stop": false,
            "disable_api_termination": false,
            "ebs_block_device": [],
            "ebs_optimized": false,
            "enable_primary_ipv6": null,
            "enclave_options": [
              {
                "enabled": false
              }
            ],
            "ephemeral_block_device": [],
            "get_password_data": false,
            "hibernation": false,
            "host_id": "",
            "host_resource_group_arn": null,
            "iam_instance_profile": "sin-final-project-primary-ec2-profile",
            "id": "i-038b5e80ec025f277",
            "instance_initiated_shutdown_behavior": "stop",
            "instance_lifecycle": "",
            "instance_market_options": [],
            "instance_state": "running",
            "instance_type": "t3.micro",
            "ipv6_address_count": 0,
            "ipv6_addresses": [],
            "key_name": "sin-final-project-key",
            "launch_template": [],
            "maintenance_options": [
              {
                "auto_recovery": "default"
              }
            ],
            "metadata_options": [
              {
                "http_endpoint": "enabled",
                "http_protocol_ipv6": "disabled",
                "http_put_response_hop_limit": 2,
                "http_tokens": "required",
                "instance_metadata_tags": "disabled"
              }
            ],
            "monitoring": false,
            "network_interface": [],
            "outpost_arn": "",
            "password_data": "",
            "placement_group": "",
            "placement_partition_number": 0,
            "primary_network_interface_id": "eni-07dd52c34b758e2ef",
            "private_dns": "ip-10-0-1-194.eu-west-1.compute.internal",
            "private_dns_name_options": [
              {
                "enable_resource_name_dns_a_record": false,
                "enable_resource_name_dns_aaaa_record": false,
                "hostname_type": "ip-name"
              }
            ],
            "private_ip": "10.0.1.194",
            "public_dns": "ec2-52-210-244-222.eu-west-1.compute.amazonaws.com",
            "public_ip": "52.210.244.222",
            "root_block_device": [
              {
                "delete_on_termination": true,
                "device_name": "/dev/sda1",
                "encrypted": false,
                "iops": 3000,
                "kms_key_id": "",
                "tags": {
                  "DRPattern": "warm-standby",
                  "ManagedBy": "terraform",
                  "Project": "sin-final-project"
                },
                "tags_all": {
                  "DRPattern": "warm-standby",
                  "ManagedBy": "terraform",
                  "Project": "sin-final-project"
                },
                "throughput": 125,
                "volume_id": "vol-049f56f71fcb1bad1",
                "volume_size": 8,
                "volume_type": "gp3"
              }
            ],
            "secondary_private_ips": [],
            "security_groups": [],
            "source_dest_check": true,
            "spot_instance_request_id": "",
            "subnet_id": "subnet-02dea8be0d6827350",
            "tags": {
              "Environment": "primary",
              "Name": "sin-final-project-primary-app"
            },
            "tags_all": {
              "DRPattern": "warm-standby",
              "Environment": "primary",
              "ManagedBy": "terraform",
              "Name": "sin-final-project-primary-app",
              "Project": "sin-final-project"
            },
            "tenancy": "default",
            "timeouts": null,
            "user_data": "2f30b85031e7399e831014b2ad9e190e720ca6b4",
            "user_data_base64": null,
            "user_data_replace_on_change": true,
            "volume_tags": null,
            "vpc_security_group_ids": [
              "sg-0c7acb85ec7257e10"
            ]
          },
          "sensitive_attributes": [
            [
              {
                "type": "get_attr",
                "value": "ami"
              }
            ]
          ],
          "identity_schema_version": 0,
          "private": "eyJlMmJmYjczMC1lY2FhLTExZTYtOGY4OC0zNDM2M2JjN2M0YzAiOnsiY3JlYXRlIjo2MDAwMDAwMDAwMDAsImRlbGV0ZSI6MTIwMDAwMDAwMDAwMCwicmVhZCI6OTAwMDAwMDAwMDAwLCJ1cGRhdGUiOjYwMDAwMDAwMDAwMH0sInNjaGVtYV92ZXJzaW9uIjoiMSJ9",
          "dependencies": [
            "module.primary.aws_iam_instance_profile.ec2",
            "module.primary.aws_iam_role.ec2",
            "module.primary.aws_security_group.alb",
            "module.primary.aws_security_group.app",
            "module.primary.aws_sqs_queue.dlq",
            "module.primary.aws_sqs_queue.orders",
            "module.primary.aws_subnet.public",
            "module.primary.aws_vpc.this",
            "module.primary.data.aws_availability_zones.available",
            "module.primary.data.aws_region.current",
            "module.primary.data.aws_ssm_parameter.ubuntu_ami"
          ]
        }
      ]
    },
    {
      "module": "module.primary",
      "mode": "managed",
      "type": "aws_internet_gateway",
      "name": "this",
      "provider": "provider[\"registry.terraform.io/hashicorp/aws\"].primary",
      "instances": [
        {
          "schema_version": 0,
          "attributes": {
            "arn": "arn:aws:ec2:eu-west-1:595658221962:internet-gateway/igw-01b1cddd397c68101",
            "id": "igw-01b1cddd397c68101",
            "owner_id": "595658221962",
            "tags": {
              "Name": "sin-final-project-primary-igw"
            },
            "tags_all": {
              "DRPattern": "warm-standby",
              "ManagedBy": "terraform",
              "Name": "sin-final-project-primary-igw",
              "Project": "sin-final-project"
            },
            "timeouts": null,
            "vpc_id": "vpc-0d6bf6ad547b0ddd4"
          },
          "sensitive_attributes": [],
          "identity_schema_version": 0,
          "private": "eyJlMmJmYjczMC1lY2FhLTExZTYtOGY4OC0zNDM2M2JjN2M0YzAiOnsiY3JlYXRlIjoxMjAwMDAwMDAwMDAwLCJkZWxldGUiOjEyMDAwMDAwMDAwMDAsInVwZGF0ZSI6MTIwMDAwMDAwMDAwMH19",
          "dependencies": [
            "module.primary.aws_vpc.this"
          ]
        }
      ]
    },
    {
      "module": "module.primary",
      "mode": "managed",
      "type": "aws_lb",
      "name": "app",
      "provider": "provider[\"registry.terraform.io/hashicorp/aws\"].primary",
      "instances": [
        {
          "schema_version": 0,
          "attributes": {
            "access_logs": [
              {
                "bucket": "",
                "enabled": false,
                "prefix": ""
              }
            ],
            "arn": "arn:aws:elasticloadbalancing:eu-west-1:595658221962:loadbalancer/app/sin-final-project-primary-alb/1aba5d87b6b6462e",
            "arn_suffix": "app/sin-final-project-primary-alb/1aba5d87b6b6462e",
            "client_keep_alive": 3600,
            "connection_logs": [
              {
                "bucket": "",
                "enabled": false,
                "prefix": ""
              }
            ],
            "customer_owned_ipv4_pool": "",
            "desync_mitigation_mode": "defensive",
            "dns_name": "sin-final-project-primary-alb-786822385.eu-west-1.elb.amazonaws.com",
            "dns_record_client_routing_policy": null,
            "drop_invalid_header_fields": false,
            "enable_cross_zone_load_balancing": true,
            "enable_deletion_protection": false,
            "enable_http2": true,
            "enable_tls_version_and_cipher_suite_headers": false,
            "enable_waf_fail_open": false,
            "enable_xff_client_port": false,
            "enable_zonal_shift": false,
            "enforce_security_group_inbound_rules_on_private_link_traffic": "",
            "id": "arn:aws:elasticloadbalancing:eu-west-1:595658221962:loadbalancer/app/sin-final-project-primary-alb/1aba5d87b6b6462e",
            "idle_timeout": 60,
            "internal": false,
            "ip_address_type": "ipv4",
            "ipam_pools": [],
            "load_balancer_type": "application",
            "minimum_load_balancer_capacity": [],
            "name": "sin-final-project-primary-alb",
            "name_prefix": "",
            "preserve_host_header": false,
            "security_groups": [
              "sg-05bcb61605130416b"
            ],
            "subnet_mapping": [
              {
                "allocation_id": "",
                "ipv6_address": "",
                "outpost_id": "",
                "private_ipv4_address": "",
                "subnet_id": "subnet-02dea8be0d6827350"
              },
              {
                "allocation_id": "",
                "ipv6_address": "",
                "outpost_id": "",
                "private_ipv4_address": "",
                "subnet_id": "subnet-0b513d3e9ab5f6bfd"
              }
            ],
            "subnets": [
              "subnet-02dea8be0d6827350",
              "subnet-0b513d3e9ab5f6bfd"
            ],
            "tags": {},
            "tags_all": {
              "DRPattern": "warm-standby",
              "ManagedBy": "terraform",
              "Project": "sin-final-project"
            },
            "timeouts": null,
            "vpc_id": "vpc-0d6bf6ad547b0ddd4",
            "xff_header_processing_mode": "append",
            "zone_id": "Z32O12XQLNTSW2"
          },
          "sensitive_attributes": [],
          "identity_schema_version": 0,
          "private": "eyJlMmJmYjczMC1lY2FhLTExZTYtOGY4OC0zNDM2M2JjN2M0YzAiOnsiY3JlYXRlIjo2MDAwMDAwMDAwMDAsImRlbGV0ZSI6NjAwMDAwMDAwMDAwLCJ1cGRhdGUiOjYwMDAwMDAwMDAwMH19",
          "dependencies": [
            "module.primary.aws_security_group.alb",
            "module.primary.aws_subnet.public",
            "module.primary.aws_vpc.this",
            "module.primary.data.aws_availability_zones.available"
          ]
        }
      ]
    },
    {
      "module": "module.primary",
      "mode": "managed",
      "type": "aws_lb_listener",
      "name": "http",
      "provider": "provider[\"registry.terraform.io/hashicorp/aws\"].primary",
      "instances": [
        {
          "schema_version": 0,
          "attributes": {
            "alpn_policy": null,
            "arn": "arn:aws:elasticloadbalancing:eu-west-1:595658221962:listener/app/sin-final-project-primary-alb/1aba5d87b6b6462e/4052e51f4f2416ae",
            "certificate_arn": null,
            "default_action": [
              {
                "authenticate_cognito": [],
                "authenticate_oidc": [],
                "fixed_response": [],
                "forward": [],
                "order": 1,
                "redirect": [],
                "target_group_arn": "arn:aws:elasticloadbalancing:eu-west-1:595658221962:targetgroup/sin-final-project-primary-catalo/70064ec433bfd30a",
                "type": "forward"
              }
            ],
            "id": "arn:aws:elasticloadbalancing:eu-west-1:595658221962:listener/app/sin-final-project-primary-alb/1aba5d87b6b6462e/4052e51f4f2416ae",
            "load_balancer_arn": "arn:aws:elasticloadbalancing:eu-west-1:595658221962:loadbalancer/app/sin-final-project-primary-alb/1aba5d87b6b6462e",
            "mutual_authentication": [],
            "port": 80,
            "protocol": "HTTP",
            "routing_http_request_x_amzn_mtls_clientcert_header_name": null,
            "routing_http_request_x_amzn_mtls_clientcert_issuer_header_name": null,
            "routing_http_request_x_amzn_mtls_clientcert_leaf_header_name": null,
            "routing_http_request_x_amzn_mtls_clientcert_serial_number_header_name": null,
            "routing_http_request_x_amzn_mtls_clientcert_subject_header_name": null,
            "routing_http_request_x_amzn_mtls_clientcert_validity_header_name": null,
            "routing_http_request_x_amzn_tls_cipher_suite_header_name": null,
            "routing_http_request_x_amzn_tls_version_header_name": null,
            "routing_http_response_access_control_allow_credentials_header_value": "",
            "routing_http_response_access_control_allow_headers_header_value": "",
            "routing_http_response_access_control_allow_methods_header_value": "",
            "routing_http_response_access_control_allow_origin_header_value": "",
            "routing_http_response_access_control_expose_headers_header_value": "",
            "routing_http_response_access_control_max_age_header_value": "",
            "routing_http_response_content_security_policy_header_value": "",
            "routing_http_response_server_enabled": true,
            "routing_http_response_strict_transport_security_header_value": "",
            "routing_http_response_x_content_type_options_header_value": "",
            "routing_http_response_x_frame_options_header_value": "",
            "ssl_policy": "",
            "tags": {},
            "tags_all": {
              "DRPattern": "warm-standby",
              "ManagedBy": "terraform",
              "Project": "sin-final-project"
            },
            "tcp_idle_timeout_seconds": null,
            "timeouts": null
          },
          "sensitive_attributes": [],
          "identity_schema_version": 0,
          "private": "eyJlMmJmYjczMC1lY2FhLTExZTYtOGY4OC0zNDM2M2JjN2M0YzAiOnsiY3JlYXRlIjozMDAwMDAwMDAwMDAsInVwZGF0ZSI6MzAwMDAwMDAwMDAwfX0=",
          "dependencies": [
            "module.primary.aws_lb.app",
            "module.primary.aws_lb_target_group.catalog",
            "module.primary.aws_security_group.alb",
            "module.primary.aws_subnet.public",
            "module.primary.aws_vpc.this",
            "module.primary.data.aws_availability_zones.available"
          ]
        }
      ]
    },
    {
      "module": "module.primary",
      "mode": "managed",
      "type": "aws_lb_listener_rule",
      "name": "orders",
      "provider": "provider[\"registry.terraform.io/hashicorp/aws\"].primary",
      "instances": [
        {
          "schema_version": 0,
          "attributes": {
            "action": [
              {
                "authenticate_cognito": [],
                "authenticate_oidc": [],
                "fixed_response": [],
                "forward": [],
                "order": 1,
                "redirect": [],
                "target_group_arn": "arn:aws:elasticloadbalancing:eu-west-1:595658221962:targetgroup/sin-final-project-primary-orders/51b3bb41f289c45a",
                "type": "forward"
              }
            ],
            "arn": "arn:aws:elasticloadbalancing:eu-west-1:595658221962:listener-rule/app/sin-final-project-primary-alb/1aba5d87b6b6462e/4052e51f4f2416ae/195968579e3448af",
            "condition": [
              {
                "host_header": [],
                "http_header": [],
                "http_request_method": [],
                "path_pattern": [
                  {
                    "values": [
                      "/orders",
                      "/orders/*"
                    ]
                  }
                ],
                "query_string": [],
                "source_ip": []
              }
            ],
            "id": "arn:aws:elasticloadbalancing:eu-west-1:595658221962:listener-rule/app/sin-final-project-primary-alb/1aba5d87b6b6462e/4052e51f4f2416ae/195968579e3448af",
            "listener_arn": "arn:aws:elasticloadbalancing:eu-west-1:595658221962:listener/app/sin-final-project-primary-alb/1aba5d87b6b6462e/4052e51f4f2416ae",
            "priority": 10,
            "tags": {},
            "tags_all": {
              "DRPattern": "warm-standby",
              "ManagedBy": "terraform",
              "Project": "sin-final-project"
            }
          },
          "sensitive_attributes": [],
          "identity_schema_version": 0,
          "private": "bnVsbA==",
          "dependencies": [
            "module.primary.aws_lb.app",
            "module.primary.aws_lb_listener.http",
            "module.primary.aws_lb_target_group.catalog",
            "module.primary.aws_lb_target_group.orders",
            "module.primary.aws_security_group.alb",
            "module.primary.aws_subnet.public",
            "module.primary.aws_vpc.this",
            "module.primary.data.aws_availability_zones.available"
          ]
        }
      ]
    },
    {
      "module": "module.primary",
      "mode": "managed",
      "type": "aws_lb_target_group",
      "name": "catalog",
      "provider": "provider[\"registry.terraform.io/hashicorp/aws\"].primary",
      "instances": [
        {
          "schema_version": 0,
          "attributes": {
            "arn": "arn:aws:elasticloadbalancing:eu-west-1:595658221962:targetgroup/sin-final-project-primary-catalo/70064ec433bfd30a",
            "arn_suffix": "targetgroup/sin-final-project-primary-catalo/70064ec433bfd30a",
            "connection_termination": null,
            "deregistration_delay": "300",
            "health_check": [
              {
                "enabled": true,
                "healthy_threshold": 2,
                "interval": 15,
                "matcher": "200",
                "path": "/health",
                "port": "traffic-port",
                "protocol": "HTTP",
                "timeout": 5,
                "unhealthy_threshold": 2
              }
            ],
            "id": "arn:aws:elasticloadbalancing:eu-west-1:595658221962:targetgroup/sin-final-project-primary-catalo/70064ec433bfd30a",
            "ip_address_type": "ipv4",
            "lambda_multi_value_headers_enabled": false,
            "load_balancer_arns": [
              "arn:aws:elasticloadbalancing:eu-west-1:595658221962:loadbalancer/app/sin-final-project-primary-alb/1aba5d87b6b6462e"
            ],
            "load_balancing_algorithm_type": "round_robin",
            "load_balancing_anomaly_mitigation": "off",
            "load_balancing_cross_zone_enabled": "use_load_balancer_configuration",
            "name": "sin-final-project-primary-catalo",
            "name_prefix": "",
            "port": 8080,
            "preserve_client_ip": null,
            "protocol": "HTTP",
            "protocol_version": "HTTP1",
            "proxy_protocol_v2": false,
            "slow_start": 0,
            "stickiness": [
              {
                "cookie_duration": 86400,
                "cookie_name": "",
                "enabled": false,
                "type": "lb_cookie"
              }
            ],
            "tags": {},
            "tags_all": {
              "DRPattern": "warm-standby",
              "ManagedBy": "terraform",
              "Project": "sin-final-project"
            },
            "target_failover": [
              {
                "on_deregistration": null,
                "on_unhealthy": null
              }
            ],
            "target_group_health": [
              {
                "dns_failover": [
                  {
                    "minimum_healthy_targets_count": "1",
                    "minimum_healthy_targets_percentage": "off"
                  }
                ],
                "unhealthy_state_routing": [
                  {
                    "minimum_healthy_targets_count": 1,
                    "minimum_healthy_targets_percentage": "off"
                  }
                ]
              }
            ],
            "target_health_state": [
              {
                "enable_unhealthy_connection_termination": null,
                "unhealthy_draining_interval": null
              }
            ],
            "target_type": "instance",
            "vpc_id": "vpc-0d6bf6ad547b0ddd4"
          },
          "sensitive_attributes": [],
          "identity_schema_version": 0,
          "private": "bnVsbA==",
          "dependencies": [
            "module.primary.aws_vpc.this"
          ]
        }
      ]
    },
    {
      "module": "module.primary",
      "mode": "managed",
      "type": "aws_lb_target_group",
      "name": "orders",
      "provider": "provider[\"registry.terraform.io/hashicorp/aws\"].primary",
      "instances": [
        {
          "schema_version": 0,
          "attributes": {
            "arn": "arn:aws:elasticloadbalancing:eu-west-1:595658221962:targetgroup/sin-final-project-primary-orders/51b3bb41f289c45a",
            "arn_suffix": "targetgroup/sin-final-project-primary-orders/51b3bb41f289c45a",
            "connection_termination": null,
            "deregistration_delay": "300",
            "health_check": [
              {
                "enabled": true,
                "healthy_threshold": 2,
                "interval": 15,
                "matcher": "200",
                "path": "/health",
                "port": "traffic-port",
                "protocol": "HTTP",
                "timeout": 5,
                "unhealthy_threshold": 2
              }
            ],
            "id": "arn:aws:elasticloadbalancing:eu-west-1:595658221962:targetgroup/sin-final-project-primary-orders/51b3bb41f289c45a",
            "ip_address_type": "ipv4",
            "lambda_multi_value_headers_enabled": false,
            "load_balancer_arns": [
              "arn:aws:elasticloadbalancing:eu-west-1:595658221962:loadbalancer/app/sin-final-project-primary-alb/1aba5d87b6b6462e"
            ],
            "load_balancing_algorithm_type": "round_robin",
            "load_balancing_anomaly_mitigation": "off",
            "load_balancing_cross_zone_enabled": "use_load_balancer_configuration",
            "name": "sin-final-project-primary-orders",
            "name_prefix": "",
            "port": 8081,
            "preserve_client_ip": null,
            "protocol": "HTTP",
            "protocol_version": "HTTP1",
            "proxy_protocol_v2": false,
            "slow_start": 0,
            "stickiness": [
              {
                "cookie_duration": 86400,
                "cookie_name": "",
                "enabled": false,
                "type": "lb_cookie"
              }
            ],
            "tags": {},
            "tags_all": {
              "DRPattern": "warm-standby",
              "ManagedBy": "terraform",
              "Project": "sin-final-project"
            },
            "target_failover": [
              {
                "on_deregistration": null,
                "on_unhealthy": null
              }
            ],
            "target_group_health": [
              {
                "dns_failover": [
                  {
                    "minimum_healthy_targets_count": "1",
                    "minimum_healthy_targets_percentage": "off"
                  }
                ],
                "unhealthy_state_routing": [
                  {
                    "minimum_healthy_targets_count": 1,
                    "minimum_healthy_targets_percentage": "off"
                  }
                ]
              }
            ],
            "target_health_state": [
              {
                "enable_unhealthy_connection_termination": null,
                "unhealthy_draining_interval": null
              }
            ],
            "target_type": "instance",
            "vpc_id": "vpc-0d6bf6ad547b0ddd4"
          },
          "sensitive_attributes": [],
          "identity_schema_version": 0,
          "private": "bnVsbA==",
          "dependencies": [
            "module.primary.aws_vpc.this"
          ]
        }
      ]
    },
    {
      "module": "module.primary",
      "mode": "managed",
      "type": "aws_lb_target_group_attachment",
      "name": "catalog",
      "provider": "provider[\"registry.terraform.io/hashicorp/aws\"].primary",
      "instances": [
        {
          "schema_version": 0,
          "attributes": {
            "availability_zone": null,
            "id": "arn:aws:elasticloadbalancing:eu-west-1:595658221962:targetgroup/sin-final-project-primary-catalo/70064ec433bfd30a-20260725170308162200000005",
            "port": 8080,
            "target_group_arn": "arn:aws:elasticloadbalancing:eu-west-1:595658221962:targetgroup/sin-final-project-primary-catalo/70064ec433bfd30a",
            "target_id": "i-038b5e80ec025f277"
          },
          "sensitive_attributes": [],
          "identity_schema_version": 0,
          "private": "bnVsbA==",
          "dependencies": [
            "module.primary.aws_iam_instance_profile.ec2",
            "module.primary.aws_iam_role.ec2",
            "module.primary.aws_instance.app",
            "module.primary.aws_lb_target_group.catalog",
            "module.primary.aws_security_group.alb",
            "module.primary.aws_security_group.app",
            "module.primary.aws_sqs_queue.dlq",
            "module.primary.aws_sqs_queue.orders",
            "module.primary.aws_subnet.public",
            "module.primary.aws_vpc.this",
            "module.primary.data.aws_availability_zones.available",
            "module.primary.data.aws_region.current",
            "module.primary.data.aws_ssm_parameter.ubuntu_ami"
          ]
        }
      ]
    },
    {
      "module": "module.primary",
      "mode": "managed",
      "type": "aws_lb_target_group_attachment",
      "name": "orders",
      "provider": "provider[\"registry.terraform.io/hashicorp/aws\"].primary",
      "instances": [
        {
          "schema_version": 0,
          "attributes": {
            "availability_zone": null,
            "id": "arn:aws:elasticloadbalancing:eu-west-1:595658221962:targetgroup/sin-final-project-primary-orders/51b3bb41f289c45a-20260725170307957300000004",
            "port": 8081,
            "target_group_arn": "arn:aws:elasticloadbalancing:eu-west-1:595658221962:targetgroup/sin-final-project-primary-orders/51b3bb41f289c45a",
            "target_id": "i-038b5e80ec025f277"
          },
          "sensitive_attributes": [],
          "identity_schema_version": 0,
          "private": "bnVsbA==",
          "dependencies": [
            "module.primary.aws_iam_instance_profile.ec2",
            "module.primary.aws_iam_role.ec2",
            "module.primary.aws_instance.app",
            "module.primary.aws_lb_target_group.orders",
            "module.primary.aws_security_group.alb",
            "module.primary.aws_security_group.app",
            "module.primary.aws_sqs_queue.dlq",
            "module.primary.aws_sqs_queue.orders",
            "module.primary.aws_subnet.public",
            "module.primary.aws_vpc.this",
            "module.primary.data.aws_availability_zones.available",
            "module.primary.data.aws_region.current",
            "module.primary.data.aws_ssm_parameter.ubuntu_ami"
          ]
        }
      ]
    },
    {
      "module": "module.primary",
      "mode": "managed",
      "type": "aws_route_table",
      "name": "public",
      "provider": "provider[\"registry.terraform.io/hashicorp/aws\"].primary",
      "instances": [
        {
          "schema_version": 0,
          "attributes": {
            "arn": "arn:aws:ec2:eu-west-1:595658221962:route-table/rtb-05b197289ae3e3dca",
            "id": "rtb-05b197289ae3e3dca",
            "owner_id": "595658221962",
            "propagating_vgws": [],
            "route": [
              {
                "carrier_gateway_id": "",
                "cidr_block": "0.0.0.0/0",
                "core_network_arn": "",
                "destination_prefix_list_id": "",
                "egress_only_gateway_id": "",
                "gateway_id": "igw-01b1cddd397c68101",
                "ipv6_cidr_block": "",
                "local_gateway_id": "",
                "nat_gateway_id": "",
                "network_interface_id": "",
                "transit_gateway_id": "",
                "vpc_endpoint_id": "",
                "vpc_peering_connection_id": ""
              }
            ],
            "tags": {
              "Name": "sin-final-project-primary-public-rt"
            },
            "tags_all": {
              "DRPattern": "warm-standby",
              "ManagedBy": "terraform",
              "Name": "sin-final-project-primary-public-rt",
              "Project": "sin-final-project"
            },
            "timeouts": null,
            "vpc_id": "vpc-0d6bf6ad547b0ddd4"
          },
          "sensitive_attributes": [],
          "identity_schema_version": 0,
          "private": "eyJlMmJmYjczMC1lY2FhLTExZTYtOGY4OC0zNDM2M2JjN2M0YzAiOnsiY3JlYXRlIjozMDAwMDAwMDAwMDAsImRlbGV0ZSI6MzAwMDAwMDAwMDAwLCJ1cGRhdGUiOjEyMDAwMDAwMDAwMH19",
          "dependencies": [
            "module.primary.aws_internet_gateway.this",
            "module.primary.aws_vpc.this"
          ]
        }
      ]
    },
    {
      "module": "module.primary",
      "mode": "managed",
      "type": "aws_route_table_association",
      "name": "public",
      "provider": "provider[\"registry.terraform.io/hashicorp/aws\"].primary",
      "instances": [
        {
          "index_key": 0,
          "schema_version": 0,
          "attributes": {
            "gateway_id": "",
            "id": "rtbassoc-09db258f763ff2a49",
            "route_table_id": "rtb-05b197289ae3e3dca",
            "subnet_id": "subnet-02dea8be0d6827350",
            "timeouts": null
          },
          "sensitive_attributes": [],
          "identity_schema_version": 0,
          "private": "eyJlMmJmYjczMC1lY2FhLTExZTYtOGY4OC0zNDM2M2JjN2M0YzAiOnsiY3JlYXRlIjozMDAwMDAwMDAwMDAsImRlbGV0ZSI6MzAwMDAwMDAwMDAwLCJ1cGRhdGUiOjEyMDAwMDAwMDAwMH19",
          "dependencies": [
            "module.primary.aws_internet_gateway.this",
            "module.primary.aws_route_table.public",
            "module.primary.aws_subnet.public",
            "module.primary.aws_vpc.this",
            "module.primary.data.aws_availability_zones.available"
          ]
        },
        {
          "index_key": 1,
          "schema_version": 0,
          "attributes": {
            "gateway_id": "",
            "id": "rtbassoc-0af5deb2bf96ca370",
            "route_table_id": "rtb-05b197289ae3e3dca",
            "subnet_id": "subnet-0b513d3e9ab5f6bfd",
            "timeouts": null
          },
          "sensitive_attributes": [],
          "identity_schema_version": 0,
          "private": "eyJlMmJmYjczMC1lY2FhLTExZTYtOGY4OC0zNDM2M2JjN2M0YzAiOnsiY3JlYXRlIjozMDAwMDAwMDAwMDAsImRlbGV0ZSI6MzAwMDAwMDAwMDAwLCJ1cGRhdGUiOjEyMDAwMDAwMDAwMH19",
          "dependencies": [
            "module.primary.aws_internet_gateway.this",
            "module.primary.aws_route_table.public",
            "module.primary.aws_subnet.public",
            "module.primary.aws_vpc.this",
            "module.primary.data.aws_availability_zones.available"
          ]
        }
      ]
    },
    {
      "module": "module.primary",
      "mode": "managed",
      "type": "aws_security_group",
      "name": "alb",
      "provider": "provider[\"registry.terraform.io/hashicorp/aws\"].primary",
      "instances": [
        {
          "schema_version": 1,
          "attributes": {
            "arn": "arn:aws:ec2:eu-west-1:595658221962:security-group/sg-05bcb61605130416b",
            "description": "Public HTTP ingress for the regional ALB",
            "egress": [
              {
                "cidr_blocks": [
                  "0.0.0.0/0"
                ],
                "description": "",
                "from_port": 0,
                "ipv6_cidr_blocks": [],
                "prefix_list_ids": [],
                "protocol": "-1",
                "security_groups": [],
                "self": false,
                "to_port": 0
              }
            ],
            "id": "sg-05bcb61605130416b",
            "ingress": [
              {
                "cidr_blocks": [
                  "0.0.0.0/0"
                ],
                "description": "",
                "from_port": 80,
                "ipv6_cidr_blocks": [],
                "prefix_list_ids": [],
                "protocol": "tcp",
                "security_groups": [],
                "self": false,
                "to_port": 80
              }
            ],
            "name": "sin-final-project-primary-alb-sg",
            "name_prefix": "",
            "owner_id": "595658221962",
            "revoke_rules_on_delete": false,
            "tags": {},
            "tags_all": {
              "DRPattern": "warm-standby",
              "ManagedBy": "terraform",
              "Project": "sin-final-project"
            },
            "timeouts": null,
            "vpc_id": "vpc-0d6bf6ad547b0ddd4"
          },
          "sensitive_attributes": [],
          "identity_schema_version": 0,
          "private": "eyJlMmJmYjczMC1lY2FhLTExZTYtOGY4OC0zNDM2M2JjN2M0YzAiOnsiY3JlYXRlIjo2MDAwMDAwMDAwMDAsImRlbGV0ZSI6OTAwMDAwMDAwMDAwfSwic2NoZW1hX3ZlcnNpb24iOiIxIn0=",
          "dependencies": [
            "module.primary.aws_vpc.this"
          ]
        }
      ]
    },
    {
      "module": "module.primary",
      "mode": "managed",
      "type": "aws_security_group",
      "name": "app",
      "provider": "provider[\"registry.terraform.io/hashicorp/aws\"].primary",
      "instances": [
        {
          "schema_version": 1,
          "attributes": {
            "arn": "arn:aws:ec2:eu-west-1:595658221962:security-group/sg-0c7acb85ec7257e10",
            "description": "Application traffic from ALB and restricted SSH",
            "egress": [
              {
                "cidr_blocks": [
                  "0.0.0.0/0"
                ],
                "description": "",
                "from_port": 0,
                "ipv6_cidr_blocks": [],
                "prefix_list_ids": [],
                "protocol": "-1",
                "security_groups": [],
                "self": false,
                "to_port": 0
              }
            ],
            "id": "sg-0c7acb85ec7257e10",
            "ingress": [
              {
                "cidr_blocks": [
                  "85.246.99.185/32"
                ],
                "description": "",
                "from_port": 22,
                "ipv6_cidr_blocks": [],
                "prefix_list_ids": [],
                "protocol": "tcp",
                "security_groups": [],
                "self": false,
                "to_port": 22
              },
              {
                "cidr_blocks": [],
                "description": "",
                "from_port": 8080,
                "ipv6_cidr_blocks": [],
                "prefix_list_ids": [],
                "protocol": "tcp",
                "security_groups": [
                  "sg-05bcb61605130416b"
                ],
                "self": false,
                "to_port": 8081
              }
            ],
            "name": "sin-final-project-primary-app-sg",
            "name_prefix": "",
            "owner_id": "595658221962",
            "revoke_rules_on_delete": false,
            "tags": {},
            "tags_all": {
              "DRPattern": "warm-standby",
              "ManagedBy": "terraform",
              "Project": "sin-final-project"
            },
            "timeouts": null,
            "vpc_id": "vpc-0d6bf6ad547b0ddd4"
          },
          "sensitive_attributes": [],
          "identity_schema_version": 0,
          "private": "eyJlMmJmYjczMC1lY2FhLTExZTYtOGY4OC0zNDM2M2JjN2M0YzAiOnsiY3JlYXRlIjo2MDAwMDAwMDAwMDAsImRlbGV0ZSI6OTAwMDAwMDAwMDAwfSwic2NoZW1hX3ZlcnNpb24iOiIxIn0=",
          "dependencies": [
            "module.primary.aws_security_group.alb",
            "module.primary.aws_vpc.this"
          ]
        }
      ]
    },
    {
      "module": "module.primary",
      "mode": "managed",
      "type": "aws_security_group",
      "name": "database",
      "provider": "provider[\"registry.terraform.io/hashicorp/aws\"].primary",
      "instances": [
        {
          "schema_version": 1,
          "attributes": {
            "arn": "arn:aws:ec2:eu-west-1:595658221962:security-group/sg-0b8d3e0cd5e478f59",
            "description": "PostgreSQL only from app instances",
            "egress": [
              {
                "cidr_blocks": [
                  "0.0.0.0/0"
                ],
                "description": "",
                "from_port": 0,
                "ipv6_cidr_blocks": [],
                "prefix_list_ids": [],
                "protocol": "-1",
                "security_groups": [],
                "self": false,
                "to_port": 0
              }
            ],
            "id": "sg-0b8d3e0cd5e478f59",
            "ingress": [
              {
                "cidr_blocks": [],
                "description": "",
                "from_port": 5432,
                "ipv6_cidr_blocks": [],
                "prefix_list_ids": [],
                "protocol": "tcp",
                "security_groups": [
                  "sg-0c7acb85ec7257e10"
                ],
                "self": false,
                "to_port": 5432
              }
            ],
            "name": "sin-final-project-primary-db-sg",
            "name_prefix": "",
            "owner_id": "595658221962",
            "revoke_rules_on_delete": false,
            "tags": {},
            "tags_all": {
              "DRPattern": "warm-standby",
              "ManagedBy": "terraform",
              "Project": "sin-final-project"
            },
            "timeouts": null,
            "vpc_id": "vpc-0d6bf6ad547b0ddd4"
          },
          "sensitive_attributes": [],
          "identity_schema_version": 0,
          "private": "eyJlMmJmYjczMC1lY2FhLTExZTYtOGY4OC0zNDM2M2JjN2M0YzAiOnsiY3JlYXRlIjo2MDAwMDAwMDAwMDAsImRlbGV0ZSI6OTAwMDAwMDAwMDAwfSwic2NoZW1hX3ZlcnNpb24iOiIxIn0=",
          "dependencies": [
            "module.primary.aws_security_group.alb",
            "module.primary.aws_security_group.app",
            "module.primary.aws_vpc.this"
          ]
        }
      ]
    },
    {
      "module": "module.primary",
      "mode": "managed",
      "type": "aws_sqs_queue",
      "name": "dlq",
      "provider": "provider[\"registry.terraform.io/hashicorp/aws\"].primary",
      "instances": [
        {
          "schema_version": 0,
          "attributes": {
            "arn": "arn:aws:sqs:eu-west-1:595658221962:sin-final-project-primary-orders-dlq",
            "content_based_deduplication": false,
            "deduplication_scope": "",
            "delay_seconds": 0,
            "fifo_queue": false,
            "fifo_throughput_limit": "",
            "id": "https://sqs.eu-west-1.amazonaws.com/595658221962/sin-final-project-primary-orders-dlq",
            "kms_data_key_reuse_period_seconds": 300,
            "kms_master_key_id": "",
            "max_message_size": 262144,
            "message_retention_seconds": 1209600,
            "name": "sin-final-project-primary-orders-dlq",
            "name_prefix": "",
            "policy": "",
            "receive_wait_time_seconds": 0,
            "redrive_allow_policy": "",
            "redrive_policy": "",
            "sqs_managed_sse_enabled": true,
            "tags": {},
            "tags_all": {
              "DRPattern": "warm-standby",
              "ManagedBy": "terraform",
              "Project": "sin-final-project"
            },
            "timeouts": null,
            "url": "https://sqs.eu-west-1.amazonaws.com/595658221962/sin-final-project-primary-orders-dlq",
            "visibility_timeout_seconds": 30
          },
          "sensitive_attributes": [],
          "identity_schema_version": 0,
          "private": "eyJlMmJmYjczMC1lY2FhLTExZTYtOGY4OC0zNDM2M2JjN2M0YzAiOnsiY3JlYXRlIjoxODAwMDAwMDAwMDAsImRlbGV0ZSI6MTgwMDAwMDAwMDAwLCJ1cGRhdGUiOjE4MDAwMDAwMDAwMH19"
        }
      ]
    },
    {
      "module": "module.primary",
      "mode": "managed",
      "type": "aws_sqs_queue",
      "name": "orders",
      "provider": "provider[\"registry.terraform.io/hashicorp/aws\"].primary",
      "instances": [
        {
          "schema_version": 0,
          "attributes": {
            "arn": "arn:aws:sqs:eu-west-1:595658221962:sin-final-project-primary-orders",
            "content_based_deduplication": false,
            "deduplication_scope": "",
            "delay_seconds": 0,
            "fifo_queue": false,
            "fifo_throughput_limit": "",
            "id": "https://sqs.eu-west-1.amazonaws.com/595658221962/sin-final-project-primary-orders",
            "kms_data_key_reuse_period_seconds": 300,
            "kms_master_key_id": "",
            "max_message_size": 262144,
            "message_retention_seconds": 345600,
            "name": "sin-final-project-primary-orders",
            "name_prefix": "",
            "policy": "",
            "receive_wait_time_seconds": 0,
            "redrive_allow_policy": "",
            "redrive_policy": "{\"deadLetterTargetArn\":\"arn:aws:sqs:eu-west-1:595658221962:sin-final-project-primary-orders-dlq\",\"maxReceiveCount\":3}",
            "sqs_managed_sse_enabled": true,
            "tags": {},
            "tags_all": {
              "DRPattern": "warm-standby",
              "ManagedBy": "terraform",
              "Project": "sin-final-project"
            },
            "timeouts": null,
            "url": "https://sqs.eu-west-1.amazonaws.com/595658221962/sin-final-project-primary-orders",
            "visibility_timeout_seconds": 60
          },
          "sensitive_attributes": [],
          "identity_schema_version": 0,
          "private": "eyJlMmJmYjczMC1lY2FhLTExZTYtOGY4OC0zNDM2M2JjN2M0YzAiOnsiY3JlYXRlIjoxODAwMDAwMDAwMDAsImRlbGV0ZSI6MTgwMDAwMDAwMDAwLCJ1cGRhdGUiOjE4MDAwMDAwMDAwMH19",
          "dependencies": [
            "module.primary.aws_sqs_queue.dlq"
          ]
        }
      ]
    },
    {
      "module": "module.primary",
      "mode": "managed",
      "type": "aws_subnet",
      "name": "private",
      "provider": "provider[\"registry.terraform.io/hashicorp/aws\"].primary",
      "instances": [
        {
          "index_key": 0,
          "schema_version": 1,
          "attributes": {
            "arn": "arn:aws:ec2:eu-west-1:595658221962:subnet/subnet-0aff77e62da6b83b3",
            "assign_ipv6_address_on_creation": false,
            "availability_zone": "eu-west-1a",
            "availability_zone_id": "euw1-az2",
            "cidr_block": "10.0.10.0/24",
            "customer_owned_ipv4_pool": "",
            "enable_dns64": false,
            "enable_lni_at_device_index": 0,
            "enable_resource_name_dns_a_record_on_launch": false,
            "enable_resource_name_dns_aaaa_record_on_launch": false,
            "id": "subnet-0aff77e62da6b83b3",
            "ipv6_cidr_block": "",
            "ipv6_cidr_block_association_id": "",
            "ipv6_native": false,
            "map_customer_owned_ip_on_launch": false,
            "map_public_ip_on_launch": false,
            "outpost_arn": "",
            "owner_id": "595658221962",
            "private_dns_hostname_type_on_launch": "ip-name",
            "tags": {
              "Name": "sin-final-project-primary-private-1",
              "Tier": "private"
            },
            "tags_all": {
              "DRPattern": "warm-standby",
              "ManagedBy": "terraform",
              "Name": "sin-final-project-primary-private-1",
              "Project": "sin-final-project",
              "Tier": "private"
            },
            "timeouts": null,
            "vpc_id": "vpc-0d6bf6ad547b0ddd4"
          },
          "sensitive_attributes": [],
          "identity_schema_version": 0,
          "private": "eyJlMmJmYjczMC1lY2FhLTExZTYtOGY4OC0zNDM2M2JjN2M0YzAiOnsiY3JlYXRlIjo2MDAwMDAwMDAwMDAsImRlbGV0ZSI6MTIwMDAwMDAwMDAwMH0sInNjaGVtYV92ZXJzaW9uIjoiMSJ9",
          "dependencies": [
            "module.primary.aws_vpc.this",
            "module.primary.data.aws_availability_zones.available"
          ]
        },
        {
          "index_key": 1,
          "schema_version": 1,
          "attributes": {
            "arn": "arn:aws:ec2:eu-west-1:595658221962:subnet/subnet-011d590968d17a798",
            "assign_ipv6_address_on_creation": false,
            "availability_zone": "eu-west-1b",
            "availability_zone_id": "euw1-az3",
            "cidr_block": "10.0.20.0/24",
            "customer_owned_ipv4_pool": "",
            "enable_dns64": false,
            "enable_lni_at_device_index": 0,
            "enable_resource_name_dns_a_record_on_launch": false,
            "enable_resource_name_dns_aaaa_record_on_launch": false,
            "id": "subnet-011d590968d17a798",
            "ipv6_cidr_block": "",
            "ipv6_cidr_block_association_id": "",
            "ipv6_native": false,
            "map_customer_owned_ip_on_launch": false,
            "map_public_ip_on_launch": false,
            "outpost_arn": "",
            "owner_id": "595658221962",
            "private_dns_hostname_type_on_launch": "ip-name",
            "tags": {
              "Name": "sin-final-project-primary-private-2",
              "Tier": "private"
            },
            "tags_all": {
              "DRPattern": "warm-standby",
              "ManagedBy": "terraform",
              "Name": "sin-final-project-primary-private-2",
              "Project": "sin-final-project",
              "Tier": "private"
            },
            "timeouts": null,
            "vpc_id": "vpc-0d6bf6ad547b0ddd4"
          },
          "sensitive_attributes": [],
          "identity_schema_version": 0,
          "private": "eyJlMmJmYjczMC1lY2FhLTExZTYtOGY4OC0zNDM2M2JjN2M0YzAiOnsiY3JlYXRlIjo2MDAwMDAwMDAwMDAsImRlbGV0ZSI6MTIwMDAwMDAwMDAwMH0sInNjaGVtYV92ZXJzaW9uIjoiMSJ9",
          "dependencies": [
            "module.primary.aws_vpc.this",
            "module.primary.data.aws_availability_zones.available"
          ]
        }
      ]
    },
    {
      "module": "module.primary",
      "mode": "managed",
      "type": "aws_subnet",
      "name": "public",
      "provider": "provider[\"registry.terraform.io/hashicorp/aws\"].primary",
      "instances": [
        {
          "index_key": 0,
          "schema_version": 1,
          "attributes": {
            "arn": "arn:aws:ec2:eu-west-1:595658221962:subnet/subnet-02dea8be0d6827350",
            "assign_ipv6_address_on_creation": false,
            "availability_zone": "eu-west-1a",
            "availability_zone_id": "euw1-az2",
            "cidr_block": "10.0.1.0/24",
            "customer_owned_ipv4_pool": "",
            "enable_dns64": false,
            "enable_lni_at_device_index": 0,
            "enable_resource_name_dns_a_record_on_launch": false,
            "enable_resource_name_dns_aaaa_record_on_launch": false,
            "id": "subnet-02dea8be0d6827350",
            "ipv6_cidr_block": "",
            "ipv6_cidr_block_association_id": "",
            "ipv6_native": false,
            "map_customer_owned_ip_on_launch": false,
            "map_public_ip_on_launch": true,
            "outpost_arn": "",
            "owner_id": "595658221962",
            "private_dns_hostname_type_on_launch": "ip-name",
            "tags": {
              "Name": "sin-final-project-primary-public-1",
              "Tier": "public"
            },
            "tags_all": {
              "DRPattern": "warm-standby",
              "ManagedBy": "terraform",
              "Name": "sin-final-project-primary-public-1",
              "Project": "sin-final-project",
              "Tier": "public"
            },
            "timeouts": null,
            "vpc_id": "vpc-0d6bf6ad547b0ddd4"
          },
          "sensitive_attributes": [],
          "identity_schema_version": 0,
          "private": "eyJlMmJmYjczMC1lY2FhLTExZTYtOGY4OC0zNDM2M2JjN2M0YzAiOnsiY3JlYXRlIjo2MDAwMDAwMDAwMDAsImRlbGV0ZSI6MTIwMDAwMDAwMDAwMH0sInNjaGVtYV92ZXJzaW9uIjoiMSJ9",
          "dependencies": [
            "module.primary.aws_vpc.this",
            "module.primary.data.aws_availability_zones.available"
          ]
        },
        {
          "index_key": 1,
          "schema_version": 1,
          "attributes": {
            "arn": "arn:aws:ec2:eu-west-1:595658221962:subnet/subnet-0b513d3e9ab5f6bfd",
            "assign_ipv6_address_on_creation": false,
            "availability_zone": "eu-west-1b",
            "availability_zone_id": "euw1-az3",
            "cidr_block": "10.0.2.0/24",
            "customer_owned_ipv4_pool": "",
            "enable_dns64": false,
            "enable_lni_at_device_index": 0,
            "enable_resource_name_dns_a_record_on_launch": false,
            "enable_resource_name_dns_aaaa_record_on_launch": false,
            "id": "subnet-0b513d3e9ab5f6bfd",
            "ipv6_cidr_block": "",
            "ipv6_cidr_block_association_id": "",
            "ipv6_native": false,
            "map_customer_owned_ip_on_launch": false,
            "map_public_ip_on_launch": true,
            "outpost_arn": "",
            "owner_id": "595658221962",
            "private_dns_hostname_type_on_launch": "ip-name",
            "tags": {
              "Name": "sin-final-project-primary-public-2",
              "Tier": "public"
            },
            "tags_all": {
              "DRPattern": "warm-standby",
              "ManagedBy": "terraform",
              "Name": "sin-final-project-primary-public-2",
              "Project": "sin-final-project",
              "Tier": "public"
            },
            "timeouts": null,
            "vpc_id": "vpc-0d6bf6ad547b0ddd4"
          },
          "sensitive_attributes": [],
          "identity_schema_version": 0,
          "private": "eyJlMmJmYjczMC1lY2FhLTExZTYtOGY4OC0zNDM2M2JjN2M0YzAiOnsiY3JlYXRlIjo2MDAwMDAwMDAwMDAsImRlbGV0ZSI6MTIwMDAwMDAwMDAwMH0sInNjaGVtYV92ZXJzaW9uIjoiMSJ9",
          "dependencies": [
            "module.primary.aws_vpc.this",
            "module.primary.data.aws_availability_zones.available"
          ]
        }
      ]
    },
    {
      "module": "module.primary",
      "mode": "managed",
      "type": "aws_vpc",
      "name": "this",
      "provider": "provider[\"registry.terraform.io/hashicorp/aws\"].primary",
      "instances": [
        {
          "schema_version": 1,
          "attributes": {
            "arn": "arn:aws:ec2:eu-west-1:595658221962:vpc/vpc-0d6bf6ad547b0ddd4",
            "assign_generated_ipv6_cidr_block": false,
            "cidr_block": "10.0.0.0/16",
            "default_network_acl_id": "acl-00c2bb55c96f2a544",
            "default_route_table_id": "rtb-081ba77ab4d2ec7b5",
            "default_security_group_id": "sg-0437291dab40b2746",
            "dhcp_options_id": "dopt-009f1137944159e33",
            "enable_dns_hostnames": true,
            "enable_dns_support": true,
            "enable_network_address_usage_metrics": false,
            "id": "vpc-0d6bf6ad547b0ddd4",
            "instance_tenancy": "default",
            "ipv4_ipam_pool_id": null,
            "ipv4_netmask_length": null,
            "ipv6_association_id": "",
            "ipv6_cidr_block": "",
            "ipv6_cidr_block_network_border_group": "",
            "ipv6_ipam_pool_id": "",
            "ipv6_netmask_length": 0,
            "main_route_table_id": "rtb-081ba77ab4d2ec7b5",
            "owner_id": "595658221962",
            "tags": {
              "Environment": "primary",
              "Name": "sin-final-project-primary-vpc"
            },
            "tags_all": {
              "DRPattern": "warm-standby",
              "Environment": "primary",
              "ManagedBy": "terraform",
              "Name": "sin-final-project-primary-vpc",
              "Project": "sin-final-project"
            }
          },
          "sensitive_attributes": [],
          "identity_schema_version": 0,
          "private": "eyJzY2hlbWFfdmVyc2lvbiI6IjEifQ=="
        }
      ]
    },
    {
      "module": "module.primary_database",
      "mode": "managed",
      "type": "aws_db_instance",
      "name": "this",
      "provider": "provider[\"registry.terraform.io/hashicorp/aws\"].primary",
      "instances": [
        {
          "schema_version": 2,
          "attributes": {
            "address": "sin-final-project-primary-postgres.ch684u8cyvxr.eu-west-1.rds.amazonaws.com",
            "allocated_storage": 20,
            "allow_major_version_upgrade": null,
            "apply_immediately": true,
            "arn": "arn:aws:rds:eu-west-1:595658221962:db:sin-final-project-primary-postgres",
            "auto_minor_version_upgrade": true,
            "availability_zone": "eu-west-1a",
            "backup_retention_period": 7,
            "backup_target": "region",
            "backup_window": "03:00-04:00",
            "blue_green_update": [],
            "ca_cert_identifier": "rds-ca-rsa2048-g1",
            "character_set_name": "",
            "copy_tags_to_snapshot": false,
            "custom_iam_instance_profile": "",
            "customer_owned_ip_enabled": false,
            "database_insights_mode": "standard",
            "db_name": "shopdb",
            "db_subnet_group_name": "sin-final-project-primary-db-subnets",
            "dedicated_log_volume": false,
            "delete_automated_backups": true,
            "deletion_protection": false,
            "domain": "",
            "domain_auth_secret_arn": "",
            "domain_dns_ips": [],
            "domain_fqdn": "",
            "domain_iam_role_name": "",
            "domain_ou": "",
            "enabled_cloudwatch_logs_exports": [],
            "endpoint": "sin-final-project-primary-postgres.ch684u8cyvxr.eu-west-1.rds.amazonaws.com:5432",
            "engine": "postgres",
            "engine_lifecycle_support": "open-source-rds-extended-support",
            "engine_version": "16",
            "engine_version_actual": "16.13",
            "final_snapshot_identifier": null,
            "hosted_zone_id": "Z29XKXDKYMONMX",
            "iam_database_authentication_enabled": false,
            "id": "db-UWGXZOVZCRYVOSM7NILJ6JHCHI",
            "identifier": "sin-final-project-primary-postgres",
            "identifier_prefix": "",
            "instance_class": "db.t3.micro",
            "iops": 3000,
            "kms_key_id": "arn:aws:kms:eu-west-1:595658221962:key/cee6ae4b-8230-4e1c-8322-b44bd47c4088",
            "latest_restorable_time": "2026-07-25T17:35:03Z",
            "license_model": "postgresql-license",
            "listener_endpoint": [],
            "maintenance_window": "sun:04:30-sun:05:30",
            "manage_master_user_password": null,
            "master_user_secret": [],
            "master_user_secret_kms_key_id": null,
            "max_allocated_storage": 50,
            "monitoring_interval": 0,
            "monitoring_role_arn": "",
            "multi_az": true,
            "nchar_character_set_name": "",
            "network_type": "IPV4",
            "option_group_name": "default:postgres-16",
            "parameter_group_name": "default.postgres16",
            "password": "J_pij#IytnpM6lPZ?TuibJ1V",
            "password_wo": null,
            "password_wo_version": null,
            "performance_insights_enabled": false,
            "performance_insights_kms_key_id": "",
            "performance_insights_retention_period": 0,
            "port": 5432,
            "publicly_accessible": false,
            "replica_mode": "",
            "replicas": [
              "arn:aws:rds:eu-central-1:595658221962:db:sin-final-project-standby-postgres"
            ],
            "replicate_source_db": "",
            "resource_id": "db-UWGXZOVZCRYVOSM7NILJ6JHCHI",
            "restore_to_point_in_time": [],
            "s3_import": [],
            "skip_final_snapshot": true,
            "snapshot_identifier": null,
            "status": "available",
            "storage_encrypted": true,
            "storage_throughput": 125,
            "storage_type": "gp3",
            "tags": {},
            "tags_all": {
              "DRPattern": "warm-standby",
              "ManagedBy": "terraform",
              "Project": "sin-final-project"
            },
            "timeouts": null,
            "timezone": "",
            "upgrade_storage_config": null,
            "username": "shopadmin",
            "vpc_security_group_ids": [
              "sg-0b8d3e0cd5e478f59"
            ]
          },
          "sensitive_attributes": [
            [
              {
                "type": "get_attr",
                "value": "password"
              }
            ],
            [
              {
                "type": "get_attr",
                "value": "password_wo"
              }
            ]
          ],
          "identity_schema_version": 0,
          "private": "eyJlMmJmYjczMC1lY2FhLTExZTYtOGY4OC0zNDM2M2JjN2M0YzAiOnsiY3JlYXRlIjozMDAwMDAwMDAwMDAwLCJkZWxldGUiOjM2MDAwMDAwMDAwMDAsInVwZGF0ZSI6NDgwMDAwMDAwMDAwMH0sInNjaGVtYV92ZXJzaW9uIjoiMiJ9",
          "dependencies": [
            "module.primary.aws_security_group.alb",
            "module.primary.aws_security_group.app",
            "module.primary.aws_security_group.database",
            "module.primary.aws_subnet.private",
            "module.primary.aws_vpc.this",
            "module.primary.data.aws_availability_zones.available",
            "module.primary_database.aws_db_subnet_group.this",
            "random_password.database"
          ]
        }
      ]
    },
    {
      "module": "module.primary_database",
      "mode": "managed",
      "type": "aws_db_subnet_group",
      "name": "this",
      "provider": "provider[\"registry.terraform.io/hashicorp/aws\"].primary",
      "instances": [
        {
          "schema_version": 0,
          "attributes": {
            "arn": "arn:aws:rds:eu-west-1:595658221962:subgrp:sin-final-project-primary-db-subnets",
            "description": "Managed by Terraform",
            "id": "sin-final-project-primary-db-subnets",
            "name": "sin-final-project-primary-db-subnets",
            "name_prefix": "",
            "subnet_ids": [
              "subnet-011d590968d17a798",
              "subnet-0aff77e62da6b83b3"
            ],
            "supported_network_types": [
              "IPV4"
            ],
            "tags": {},
            "tags_all": {
              "DRPattern": "warm-standby",
              "ManagedBy": "terraform",
              "Project": "sin-final-project"
            },
            "vpc_id": "vpc-0d6bf6ad547b0ddd4"
          },
          "sensitive_attributes": [],
          "identity_schema_version": 0,
          "private": "bnVsbA==",
          "dependencies": [
            "module.primary.aws_subnet.private",
            "module.primary.aws_vpc.this",
            "module.primary.data.aws_availability_zones.available"
          ]
        }
      ]
    },
    {
      "module": "module.standby",
      "mode": "data",
      "type": "aws_availability_zones",
      "name": "available",
      "provider": "provider[\"registry.terraform.io/hashicorp/aws\"].standby",
      "instances": [
        {
          "schema_version": 0,
          "attributes": {
            "all_availability_zones": null,
            "exclude_names": null,
            "exclude_zone_ids": null,
            "filter": null,
            "group_names": [
              "eu-central-1-zg-1"
            ],
            "id": "eu-central-1",
            "names": [
              "eu-central-1a",
              "eu-central-1b",
              "eu-central-1c"
            ],
            "state": "available",
            "timeouts": null,
            "zone_ids": [
              "euc1-az2",
              "euc1-az3",
              "euc1-az1"
            ]
          },
          "sensitive_attributes": [],
          "identity_schema_version": 0
        }
      ]
    },
    {
      "module": "module.standby",
      "mode": "data",
      "type": "aws_region",
      "name": "current",
      "provider": "provider[\"registry.terraform.io/hashicorp/aws\"].standby",
      "instances": [
        {
          "schema_version": 0,
          "attributes": {
            "description": "Europe (Frankfurt)",
            "endpoint": "ec2.eu-central-1.amazonaws.com",
            "id": "eu-central-1",
            "name": "eu-central-1"
          },
          "sensitive_attributes": [],
          "identity_schema_version": 0
        }
      ]
    },
    {
      "module": "module.standby",
      "mode": "data",
      "type": "aws_ssm_parameter",
      "name": "ubuntu_ami",
      "provider": "provider[\"registry.terraform.io/hashicorp/aws\"].standby",
      "instances": [
        {
          "schema_version": 0,
          "attributes": {
            "arn": "arn:aws:ssm:eu-central-1::parameter/aws/service/canonical/ubuntu/server/24.04/stable/current/amd64/hvm/ebs-gp3/ami-id",
            "id": "/aws/service/canonical/ubuntu/server/24.04/stable/current/amd64/hvm/ebs-gp3/ami-id",
            "insecure_value": "ami-04bc554a9635a77c8",
            "name": "/aws/service/canonical/ubuntu/server/24.04/stable/current/amd64/hvm/ebs-gp3/ami-id",
            "type": "String",
            "value": "ami-04bc554a9635a77c8",
            "version": 74,
            "with_decryption": true
          },
          "sensitive_attributes": [
            [
              {
                "type": "get_attr",
                "value": "value"
              }
            ]
          ],
          "identity_schema_version": 0
        }
      ]
    },
    {
      "module": "module.standby",
      "mode": "managed",
      "type": "aws_iam_instance_profile",
      "name": "ec2",
      "provider": "provider[\"registry.terraform.io/hashicorp/aws\"].standby",
      "instances": [
        {
          "schema_version": 0,
          "attributes": {
            "arn": "arn:aws:iam::595658221962:instance-profile/sin-final-project-standby-ec2-profile",
            "create_date": "2026-07-25T17:02:02Z",
            "id": "sin-final-project-standby-ec2-profile",
            "name": "sin-final-project-standby-ec2-profile",
            "name_prefix": "",
            "path": "/",
            "role": "sin-final-project-standby-ec2-role",
            "tags": {},
            "tags_all": {
              "DRPattern": "warm-standby",
              "ManagedBy": "terraform",
              "Project": "sin-final-project"
            },
            "unique_id": "AIPAYVL77FGFHQD2WWMH2"
          },
          "sensitive_attributes": [],
          "identity_schema_version": 0,
          "private": "bnVsbA==",
          "dependencies": [
            "module.standby.aws_iam_role.ec2"
          ]
        }
      ]
    },
    {
      "module": "module.standby",
      "mode": "managed",
      "type": "aws_iam_role",
      "name": "ec2",
      "provider": "provider[\"registry.terraform.io/hashicorp/aws\"].standby",
      "instances": [
        {
          "schema_version": 0,
          "attributes": {
            "arn": "arn:aws:iam::595658221962:role/sin-final-project-standby-ec2-role",
            "assume_role_policy": "{\"Statement\":[{\"Action\":\"sts:AssumeRole\",\"Effect\":\"Allow\",\"Principal\":{\"Service\":\"ec2.amazonaws.com\"}}],\"Version\":\"2012-10-17\"}",
            "create_date": "2026-07-25T17:02:01Z",
            "description": "",
            "force_detach_policies": false,
            "id": "sin-final-project-standby-ec2-role",
            "inline_policy": [
              {
                "name": "sin-final-project-standby-runtime",
                "policy": "{\"Version\":\"2012-10-17\",\"Statement\":[{\"Action\":[\"sqs:SendMessage\",\"sqs:ReceiveMessage\",\"sqs:DeleteMessage\",\"sqs:GetQueueAttributes\",\"sqs:GetQueueUrl\"],\"Effect\":\"Allow\",\"Resource\":[\"arn:aws:sqs:eu-central-1:595658221962:sin-final-project-standby-orders\",\"arn:aws:sqs:eu-central-1:595658221962:sin-final-project-standby-orders-dlq\"]},{\"Action\":[\"secretsmanager:GetSecretValue\",\"secretsmanager:DescribeSecret\"],\"Effect\":\"Allow\",\"Resource\":\"arn:aws:secretsmanager:eu-central-1:*:secret:sin-final-project/standby/database*\"}]}"
              }
            ],
            "managed_policy_arns": [],
            "max_session_duration": 3600,
            "name": "sin-final-project-standby-ec2-role",
            "name_prefix": "",
            "path": "/",
            "permissions_boundary": "",
            "tags": {},
            "tags_all": {
              "DRPattern": "warm-standby",
              "ManagedBy": "terraform",
              "Project": "sin-final-project"
            },
            "unique_id": "AROAYVL77FGFBCQQCJKH5"
          },
          "sensitive_attributes": [],
          "identity_schema_version": 0,
          "private": "bnVsbA=="
        }
      ]
    },
    {
      "module": "module.standby",
      "mode": "managed",
      "type": "aws_iam_role_policy",
      "name": "ec2",
      "provider": "provider[\"registry.terraform.io/hashicorp/aws\"].standby",
      "instances": [
        {
          "schema_version": 0,
          "attributes": {
            "id": "sin-final-project-standby-ec2-role:sin-final-project-standby-runtime",
            "name": "sin-final-project-standby-runtime",
            "name_prefix": "",
            "policy": "{\"Version\":\"2012-10-17\",\"Statement\":[{\"Action\":[\"sqs:SendMessage\",\"sqs:ReceiveMessage\",\"sqs:DeleteMessage\",\"sqs:GetQueueAttributes\",\"sqs:GetQueueUrl\"],\"Effect\":\"Allow\",\"Resource\":[\"arn:aws:sqs:eu-central-1:595658221962:sin-final-project-standby-orders\",\"arn:aws:sqs:eu-central-1:595658221962:sin-final-project-standby-orders-dlq\"]},{\"Action\":[\"secretsmanager:GetSecretValue\",\"secretsmanager:DescribeSecret\"],\"Effect\":\"Allow\",\"Resource\":\"arn:aws:secretsmanager:eu-central-1:*:secret:sin-final-project/standby/database*\"}]}",
            "role": "sin-final-project-standby-ec2-role"
          },
          "sensitive_attributes": [],
          "identity_schema_version": 0,
          "private": "bnVsbA==",
          "dependencies": [
            "module.standby.aws_iam_role.ec2",
            "module.standby.aws_sqs_queue.dlq",
            "module.standby.aws_sqs_queue.orders",
            "module.standby.data.aws_region.current"
          ]
        }
      ]
    },
    {
      "module": "module.standby",
      "mode": "managed",
      "type": "aws_instance",
      "name": "app",
      "provider": "provider[\"registry.terraform.io/hashicorp/aws\"].standby",
      "instances": [
        {
          "schema_version": 1,
          "attributes": {
            "ami": "ami-04bc554a9635a77c8",
            "arn": "arn:aws:ec2:eu-central-1:595658221962:instance/i-0ace7290fdb2a0024",
            "associate_public_ip_address": true,
            "availability_zone": "eu-central-1a",
            "capacity_reservation_specification": [
              {
                "capacity_reservation_preference": "open",
                "capacity_reservation_target": []
              }
            ],
            "cpu_core_count": 1,
            "cpu_options": [
              {
                "amd_sev_snp": "",
                "core_count": 1,
                "threads_per_core": 2
              }
            ],
            "cpu_threads_per_core": 2,
            "credit_specification": [
              {
                "cpu_credits": "unlimited"
              }
            ],
            "disable_api_stop": false,
            "disable_api_termination": false,
            "ebs_block_device": [],
            "ebs_optimized": false,
            "enable_primary_ipv6": null,
            "enclave_options": [
              {
                "enabled": false
              }
            ],
            "ephemeral_block_device": [],
            "get_password_data": false,
            "hibernation": false,
            "host_id": "",
            "host_resource_group_arn": null,
            "iam_instance_profile": "sin-final-project-standby-ec2-profile",
            "id": "i-0ace7290fdb2a0024",
            "instance_initiated_shutdown_behavior": "stop",
            "instance_lifecycle": "",
            "instance_market_options": [],
            "instance_state": "running",
            "instance_type": "t3.micro",
            "ipv6_address_count": 0,
            "ipv6_addresses": [],
            "key_name": "sin-final-project-key-standby",
            "launch_template": [],
            "maintenance_options": [
              {
                "auto_recovery": "default"
              }
            ],
            "metadata_options": [
              {
                "http_endpoint": "enabled",
                "http_protocol_ipv6": "disabled",
                "http_put_response_hop_limit": 2,
                "http_tokens": "required",
                "instance_metadata_tags": "disabled"
              }
            ],
            "monitoring": false,
            "network_interface": [],
            "outpost_arn": "",
            "password_data": "",
            "placement_group": "",
            "placement_partition_number": 0,
            "primary_network_interface_id": "eni-0e15c5f7605943f38",
            "private_dns": "ip-10-1-1-132.eu-central-1.compute.internal",
            "private_dns_name_options": [
              {
                "enable_resource_name_dns_a_record": false,
                "enable_resource_name_dns_aaaa_record": false,
                "hostname_type": "ip-name"
              }
            ],
            "private_ip": "10.1.1.132",
            "public_dns": "ec2-3-120-151-206.eu-central-1.compute.amazonaws.com",
            "public_ip": "3.120.151.206",
            "root_block_device": [
              {
                "delete_on_termination": true,
                "device_name": "/dev/sda1",
                "encrypted": false,
                "iops": 3000,
                "kms_key_id": "",
                "tags": {
                  "DRPattern": "warm-standby",
                  "ManagedBy": "terraform",
                  "Project": "sin-final-project"
                },
                "tags_all": {
                  "DRPattern": "warm-standby",
                  "ManagedBy": "terraform",
                  "Project": "sin-final-project"
                },
                "throughput": 125,
                "volume_id": "vol-07ea27552db762525",
                "volume_size": 8,
                "volume_type": "gp3"
              }
            ],
            "secondary_private_ips": [],
            "security_groups": [],
            "source_dest_check": true,
            "spot_instance_request_id": "",
            "subnet_id": "subnet-08363f58b64b3993c",
            "tags": {
              "Environment": "standby",
              "Name": "sin-final-project-standby-app"
            },
            "tags_all": {
              "DRPattern": "warm-standby",
              "Environment": "standby",
              "ManagedBy": "terraform",
              "Name": "sin-final-project-standby-app",
              "Project": "sin-final-project"
            },
            "tenancy": "default",
            "timeouts": null,
            "user_data": "ae46349395566a8ecf604f292aa58b3f4d056825",
            "user_data_base64": null,
            "user_data_replace_on_change": true,
            "volume_tags": null,
            "vpc_security_group_ids": [
              "sg-0557da3c0136004ae"
            ]
          },
          "sensitive_attributes": [
            [
              {
                "type": "get_attr",
                "value": "ami"
              }
            ]
          ],
          "identity_schema_version": 0,
          "private": "eyJlMmJmYjczMC1lY2FhLTExZTYtOGY4OC0zNDM2M2JjN2M0YzAiOnsiY3JlYXRlIjo2MDAwMDAwMDAwMDAsImRlbGV0ZSI6MTIwMDAwMDAwMDAwMCwicmVhZCI6OTAwMDAwMDAwMDAwLCJ1cGRhdGUiOjYwMDAwMDAwMDAwMH0sInNjaGVtYV92ZXJzaW9uIjoiMSJ9",
          "dependencies": [
            "module.standby.aws_iam_instance_profile.ec2",
            "module.standby.aws_iam_role.ec2",
            "module.standby.aws_security_group.alb",
            "module.standby.aws_security_group.app",
            "module.standby.aws_sqs_queue.dlq",
            "module.standby.aws_sqs_queue.orders",
            "module.standby.aws_subnet.public",
            "module.standby.aws_vpc.this",
            "module.standby.data.aws_availability_zones.available",
            "module.standby.data.aws_region.current",
            "module.standby.data.aws_ssm_parameter.ubuntu_ami"
          ]
        }
      ]
    },
    {
      "module": "module.standby",
      "mode": "managed",
      "type": "aws_internet_gateway",
      "name": "this",
      "provider": "provider[\"registry.terraform.io/hashicorp/aws\"].standby",
      "instances": [
        {
          "schema_version": 0,
          "attributes": {
            "arn": "arn:aws:ec2:eu-central-1:595658221962:internet-gateway/igw-0dc4347d4e6fd07f0",
            "id": "igw-0dc4347d4e6fd07f0",
            "owner_id": "595658221962",
            "tags": {
              "Name": "sin-final-project-standby-igw"
            },
            "tags_all": {
              "DRPattern": "warm-standby",
              "ManagedBy": "terraform",
              "Name": "sin-final-project-standby-igw",
              "Project": "sin-final-project"
            },
            "timeouts": null,
            "vpc_id": "vpc-089e45ef06db3b670"
          },
          "sensitive_attributes": [],
          "identity_schema_version": 0,
          "private": "eyJlMmJmYjczMC1lY2FhLTExZTYtOGY4OC0zNDM2M2JjN2M0YzAiOnsiY3JlYXRlIjoxMjAwMDAwMDAwMDAwLCJkZWxldGUiOjEyMDAwMDAwMDAwMDAsInVwZGF0ZSI6MTIwMDAwMDAwMDAwMH19",
          "dependencies": [
            "module.standby.aws_vpc.this"
          ]
        }
      ]
    },
    {
      "module": "module.standby",
      "mode": "managed",
      "type": "aws_lb",
      "name": "app",
      "provider": "provider[\"registry.terraform.io/hashicorp/aws\"].standby",
      "instances": [
        {
          "schema_version": 0,
          "attributes": {
            "access_logs": [
              {
                "bucket": "",
                "enabled": false,
                "prefix": ""
              }
            ],
            "arn": "arn:aws:elasticloadbalancing:eu-central-1:595658221962:loadbalancer/app/sin-final-project-standby-alb/30ba5d90896bc677",
            "arn_suffix": "app/sin-final-project-standby-alb/30ba5d90896bc677",
            "client_keep_alive": 3600,
            "connection_logs": [
              {
                "bucket": "",
                "enabled": false,
                "prefix": ""
              }
            ],
            "customer_owned_ipv4_pool": "",
            "desync_mitigation_mode": "defensive",
            "dns_name": "sin-final-project-standby-alb-1120867931.eu-central-1.elb.amazonaws.com",
            "dns_record_client_routing_policy": null,
            "drop_invalid_header_fields": false,
            "enable_cross_zone_load_balancing": true,
            "enable_deletion_protection": false,
            "enable_http2": true,
            "enable_tls_version_and_cipher_suite_headers": false,
            "enable_waf_fail_open": false,
            "enable_xff_client_port": false,
            "enable_zonal_shift": false,
            "enforce_security_group_inbound_rules_on_private_link_traffic": "",
            "id": "arn:aws:elasticloadbalancing:eu-central-1:595658221962:loadbalancer/app/sin-final-project-standby-alb/30ba5d90896bc677",
            "idle_timeout": 60,
            "internal": false,
            "ip_address_type": "ipv4",
            "ipam_pools": [],
            "load_balancer_type": "application",
            "minimum_load_balancer_capacity": [],
            "name": "sin-final-project-standby-alb",
            "name_prefix": "",
            "preserve_host_header": false,
            "security_groups": [
              "sg-0177dffe939c45da9"
            ],
            "subnet_mapping": [
              {
                "allocation_id": "",
                "ipv6_address": "",
                "outpost_id": "",
                "private_ipv4_address": "",
                "subnet_id": "subnet-08363f58b64b3993c"
              },
              {
                "allocation_id": "",
                "ipv6_address": "",
                "outpost_id": "",
                "private_ipv4_address": "",
                "subnet_id": "subnet-08f65e101a7c582c2"
              }
            ],
            "subnets": [
              "subnet-08363f58b64b3993c",
              "subnet-08f65e101a7c582c2"
            ],
            "tags": {},
            "tags_all": {
              "DRPattern": "warm-standby",
              "ManagedBy": "terraform",
              "Project": "sin-final-project"
            },
            "timeouts": null,
            "vpc_id": "vpc-089e45ef06db3b670",
            "xff_header_processing_mode": "append",
            "zone_id": "Z215JYRZR1TBD5"
          },
          "sensitive_attributes": [],
          "identity_schema_version": 0,
          "private": "eyJlMmJmYjczMC1lY2FhLTExZTYtOGY4OC0zNDM2M2JjN2M0YzAiOnsiY3JlYXRlIjo2MDAwMDAwMDAwMDAsImRlbGV0ZSI6NjAwMDAwMDAwMDAwLCJ1cGRhdGUiOjYwMDAwMDAwMDAwMH19",
          "dependencies": [
            "module.standby.aws_security_group.alb",
            "module.standby.aws_subnet.public",
            "module.standby.aws_vpc.this",
            "module.standby.data.aws_availability_zones.available"
          ]
        }
      ]
    },
    {
      "module": "module.standby",
      "mode": "managed",
      "type": "aws_lb_listener",
      "name": "http",
      "provider": "provider[\"registry.terraform.io/hashicorp/aws\"].standby",
      "instances": [
        {
          "schema_version": 0,
          "attributes": {
            "alpn_policy": null,
            "arn": "arn:aws:elasticloadbalancing:eu-central-1:595658221962:listener/app/sin-final-project-standby-alb/30ba5d90896bc677/68a5513b77b15e9b",
            "certificate_arn": null,
            "default_action": [
              {
                "authenticate_cognito": [],
                "authenticate_oidc": [],
                "fixed_response": [],
                "forward": [],
                "order": 1,
                "redirect": [],
                "target_group_arn": "arn:aws:elasticloadbalancing:eu-central-1:595658221962:targetgroup/sin-final-project-standby-catalo/b4765f1e5fcbcde3",
                "type": "forward"
              }
            ],
            "id": "arn:aws:elasticloadbalancing:eu-central-1:595658221962:listener/app/sin-final-project-standby-alb/30ba5d90896bc677/68a5513b77b15e9b",
            "load_balancer_arn": "arn:aws:elasticloadbalancing:eu-central-1:595658221962:loadbalancer/app/sin-final-project-standby-alb/30ba5d90896bc677",
            "mutual_authentication": [],
            "port": 80,
            "protocol": "HTTP",
            "routing_http_request_x_amzn_mtls_clientcert_header_name": null,
            "routing_http_request_x_amzn_mtls_clientcert_issuer_header_name": null,
            "routing_http_request_x_amzn_mtls_clientcert_leaf_header_name": null,
            "routing_http_request_x_amzn_mtls_clientcert_serial_number_header_name": null,
            "routing_http_request_x_amzn_mtls_clientcert_subject_header_name": null,
            "routing_http_request_x_amzn_mtls_clientcert_validity_header_name": null,
            "routing_http_request_x_amzn_tls_cipher_suite_header_name": null,
            "routing_http_request_x_amzn_tls_version_header_name": null,
            "routing_http_response_access_control_allow_credentials_header_value": "",
            "routing_http_response_access_control_allow_headers_header_value": "",
            "routing_http_response_access_control_allow_methods_header_value": "",
            "routing_http_response_access_control_allow_origin_header_value": "",
            "routing_http_response_access_control_expose_headers_header_value": "",
            "routing_http_response_access_control_max_age_header_value": "",
            "routing_http_response_content_security_policy_header_value": "",
            "routing_http_response_server_enabled": true,
            "routing_http_response_strict_transport_security_header_value": "",
            "routing_http_response_x_content_type_options_header_value": "",
            "routing_http_response_x_frame_options_header_value": "",
            "ssl_policy": "",
            "tags": {},
            "tags_all": {
              "DRPattern": "warm-standby",
              "ManagedBy": "terraform",
              "Project": "sin-final-project"
            },
            "tcp_idle_timeout_seconds": null,
            "timeouts": null
          },
          "sensitive_attributes": [],
          "identity_schema_version": 0,
          "private": "eyJlMmJmYjczMC1lY2FhLTExZTYtOGY4OC0zNDM2M2JjN2M0YzAiOnsiY3JlYXRlIjozMDAwMDAwMDAwMDAsInVwZGF0ZSI6MzAwMDAwMDAwMDAwfX0=",
          "dependencies": [
            "module.standby.aws_lb.app",
            "module.standby.aws_lb_target_group.catalog",
            "module.standby.aws_security_group.alb",
            "module.standby.aws_subnet.public",
            "module.standby.aws_vpc.this",
            "module.standby.data.aws_availability_zones.available"
          ]
        }
      ]
    },
    {
      "module": "module.standby",
      "mode": "managed",
      "type": "aws_lb_listener_rule",
      "name": "orders",
      "provider": "provider[\"registry.terraform.io/hashicorp/aws\"].standby",
      "instances": [
        {
          "schema_version": 0,
          "attributes": {
            "action": [
              {
                "authenticate_cognito": [],
                "authenticate_oidc": [],
                "fixed_response": [],
                "forward": [],
                "order": 1,
                "redirect": [],
                "target_group_arn": "arn:aws:elasticloadbalancing:eu-central-1:595658221962:targetgroup/sin-final-project-standby-orders/41cffc74e715b3ed",
                "type": "forward"
              }
            ],
            "arn": "arn:aws:elasticloadbalancing:eu-central-1:595658221962:listener-rule/app/sin-final-project-standby-alb/30ba5d90896bc677/68a5513b77b15e9b/c86cd07ecf7347a2",
            "condition": [
              {
                "host_header": [],
                "http_header": [],
                "http_request_method": [],
                "path_pattern": [
                  {
                    "values": [
                      "/orders",
                      "/orders/*"
                    ]
                  }
                ],
                "query_string": [],
                "source_ip": []
              }
            ],
            "id": "arn:aws:elasticloadbalancing:eu-central-1:595658221962:listener-rule/app/sin-final-project-standby-alb/30ba5d90896bc677/68a5513b77b15e9b/c86cd07ecf7347a2",
            "listener_arn": "arn:aws:elasticloadbalancing:eu-central-1:595658221962:listener/app/sin-final-project-standby-alb/30ba5d90896bc677/68a5513b77b15e9b",
            "priority": 10,
            "tags": {},
            "tags_all": {
              "DRPattern": "warm-standby",
              "ManagedBy": "terraform",
              "Project": "sin-final-project"
            }
          },
          "sensitive_attributes": [],
          "identity_schema_version": 0,
          "private": "bnVsbA==",
          "dependencies": [
            "module.standby.aws_lb.app",
            "module.standby.aws_lb_listener.http",
            "module.standby.aws_lb_target_group.catalog",
            "module.standby.aws_lb_target_group.orders",
            "module.standby.aws_security_group.alb",
            "module.standby.aws_subnet.public",
            "module.standby.aws_vpc.this",
            "module.standby.data.aws_availability_zones.available"
          ]
        }
      ]
    },
    {
      "module": "module.standby",
      "mode": "managed",
      "type": "aws_lb_target_group",
      "name": "catalog",
      "provider": "provider[\"registry.terraform.io/hashicorp/aws\"].standby",
      "instances": [
        {
          "schema_version": 0,
          "attributes": {
            "arn": "arn:aws:elasticloadbalancing:eu-central-1:595658221962:targetgroup/sin-final-project-standby-catalo/b4765f1e5fcbcde3",
            "arn_suffix": "targetgroup/sin-final-project-standby-catalo/b4765f1e5fcbcde3",
            "connection_termination": null,
            "deregistration_delay": "300",
            "health_check": [
              {
                "enabled": true,
                "healthy_threshold": 2,
                "interval": 15,
                "matcher": "200",
                "path": "/health",
                "port": "traffic-port",
                "protocol": "HTTP",
                "timeout": 5,
                "unhealthy_threshold": 2
              }
            ],
            "id": "arn:aws:elasticloadbalancing:eu-central-1:595658221962:targetgroup/sin-final-project-standby-catalo/b4765f1e5fcbcde3",
            "ip_address_type": "ipv4",
            "lambda_multi_value_headers_enabled": false,
            "load_balancer_arns": [
              "arn:aws:elasticloadbalancing:eu-central-1:595658221962:loadbalancer/app/sin-final-project-standby-alb/30ba5d90896bc677"
            ],
            "load_balancing_algorithm_type": "round_robin",
            "load_balancing_anomaly_mitigation": "off",
            "load_balancing_cross_zone_enabled": "use_load_balancer_configuration",
            "name": "sin-final-project-standby-catalo",
            "name_prefix": "",
            "port": 8080,
            "preserve_client_ip": null,
            "protocol": "HTTP",
            "protocol_version": "HTTP1",
            "proxy_protocol_v2": false,
            "slow_start": 0,
            "stickiness": [
              {
                "cookie_duration": 86400,
                "cookie_name": "",
                "enabled": false,
                "type": "lb_cookie"
              }
            ],
            "tags": {},
            "tags_all": {
              "DRPattern": "warm-standby",
              "ManagedBy": "terraform",
              "Project": "sin-final-project"
            },
            "target_failover": [
              {
                "on_deregistration": null,
                "on_unhealthy": null
              }
            ],
            "target_group_health": [
              {
                "dns_failover": [
                  {
                    "minimum_healthy_targets_count": "1",
                    "minimum_healthy_targets_percentage": "off"
                  }
                ],
                "unhealthy_state_routing": [
                  {
                    "minimum_healthy_targets_count": 1,
                    "minimum_healthy_targets_percentage": "off"
                  }
                ]
              }
            ],
            "target_health_state": [
              {
                "enable_unhealthy_connection_termination": null,
                "unhealthy_draining_interval": null
              }
            ],
            "target_type": "instance",
            "vpc_id": "vpc-089e45ef06db3b670"
          },
          "sensitive_attributes": [],
          "identity_schema_version": 0,
          "private": "bnVsbA==",
          "dependencies": [
            "module.standby.aws_vpc.this"
          ]
        }
      ]
    },
    {
      "module": "module.standby",
      "mode": "managed",
      "type": "aws_lb_target_group",
      "name": "orders",
      "provider": "provider[\"registry.terraform.io/hashicorp/aws\"].standby",
      "instances": [
        {
          "schema_version": 0,
          "attributes": {
            "arn": "arn:aws:elasticloadbalancing:eu-central-1:595658221962:targetgroup/sin-final-project-standby-orders/41cffc74e715b3ed",
            "arn_suffix": "targetgroup/sin-final-project-standby-orders/41cffc74e715b3ed",
            "connection_termination": null,
            "deregistration_delay": "300",
            "health_check": [
              {
                "enabled": true,
                "healthy_threshold": 2,
                "interval": 15,
                "matcher": "200",
                "path": "/health",
                "port": "traffic-port",
                "protocol": "HTTP",
                "timeout": 5,
                "unhealthy_threshold": 2
              }
            ],
            "id": "arn:aws:elasticloadbalancing:eu-central-1:595658221962:targetgroup/sin-final-project-standby-orders/41cffc74e715b3ed",
            "ip_address_type": "ipv4",
            "lambda_multi_value_headers_enabled": false,
            "load_balancer_arns": [
              "arn:aws:elasticloadbalancing:eu-central-1:595658221962:loadbalancer/app/sin-final-project-standby-alb/30ba5d90896bc677"
            ],
            "load_balancing_algorithm_type": "round_robin",
            "load_balancing_anomaly_mitigation": "off",
            "load_balancing_cross_zone_enabled": "use_load_balancer_configuration",
            "name": "sin-final-project-standby-orders",
            "name_prefix": "",
            "port": 8081,
            "preserve_client_ip": null,
            "protocol": "HTTP",
            "protocol_version": "HTTP1",
            "proxy_protocol_v2": false,
            "slow_start": 0,
            "stickiness": [
              {
                "cookie_duration": 86400,
                "cookie_name": "",
                "enabled": false,
                "type": "lb_cookie"
              }
            ],
            "tags": {},
            "tags_all": {
              "DRPattern": "warm-standby",
              "ManagedBy": "terraform",
              "Project": "sin-final-project"
            },
            "target_failover": [
              {
                "on_deregistration": null,
                "on_unhealthy": null
              }
            ],
            "target_group_health": [
              {
                "dns_failover": [
                  {
                    "minimum_healthy_targets_count": "1",
                    "minimum_healthy_targets_percentage": "off"
                  }
                ],
                "unhealthy_state_routing": [
                  {
                    "minimum_healthy_targets_count": 1,
                    "minimum_healthy_targets_percentage": "off"
                  }
                ]
              }
            ],
            "target_health_state": [
              {
                "enable_unhealthy_connection_termination": null,
                "unhealthy_draining_interval": null
              }
            ],
            "target_type": "instance",
            "vpc_id": "vpc-089e45ef06db3b670"
          },
          "sensitive_attributes": [],
          "identity_schema_version": 0,
          "private": "bnVsbA==",
          "dependencies": [
            "module.standby.aws_vpc.this"
          ]
        }
      ]
    },
    {
      "module": "module.standby",
      "mode": "managed",
      "type": "aws_lb_target_group_attachment",
      "name": "catalog",
      "provider": "provider[\"registry.terraform.io/hashicorp/aws\"].standby",
      "instances": [
        {
          "schema_version": 0,
          "attributes": {
            "availability_zone": null,
            "id": "arn:aws:elasticloadbalancing:eu-central-1:595658221962:targetgroup/sin-final-project-standby-catalo/b4765f1e5fcbcde3-20260725170307957300000004",
            "port": 8080,
            "target_group_arn": "arn:aws:elasticloadbalancing:eu-central-1:595658221962:targetgroup/sin-final-project-standby-catalo/b4765f1e5fcbcde3",
            "target_id": "i-0ace7290fdb2a0024"
          },
          "sensitive_attributes": [],
          "identity_schema_version": 0,
          "private": "bnVsbA==",
          "dependencies": [
            "module.standby.aws_iam_instance_profile.ec2",
            "module.standby.aws_iam_role.ec2",
            "module.standby.aws_instance.app",
            "module.standby.aws_lb_target_group.catalog",
            "module.standby.aws_security_group.alb",
            "module.standby.aws_security_group.app",
            "module.standby.aws_sqs_queue.dlq",
            "module.standby.aws_sqs_queue.orders",
            "module.standby.aws_subnet.public",
            "module.standby.aws_vpc.this",
            "module.standby.data.aws_availability_zones.available",
            "module.standby.data.aws_region.current",
            "module.standby.data.aws_ssm_parameter.ubuntu_ami"
          ]
        }
      ]
    },
    {
      "module": "module.standby",
      "mode": "managed",
      "type": "aws_lb_target_group_attachment",
      "name": "orders",
      "provider": "provider[\"registry.terraform.io/hashicorp/aws\"].standby",
      "instances": [
        {
          "schema_version": 0,
          "attributes": {
            "availability_zone": null,
            "id": "arn:aws:elasticloadbalancing:eu-central-1:595658221962:targetgroup/sin-final-project-standby-orders/41cffc74e715b3ed-20260725170307957300000005",
            "port": 8081,
            "target_group_arn": "arn:aws:elasticloadbalancing:eu-central-1:595658221962:targetgroup/sin-final-project-standby-orders/41cffc74e715b3ed",
            "target_id": "i-0ace7290fdb2a0024"
          },
          "sensitive_attributes": [],
          "identity_schema_version": 0,
          "private": "bnVsbA==",
          "dependencies": [
            "module.standby.aws_iam_instance_profile.ec2",
            "module.standby.aws_iam_role.ec2",
            "module.standby.aws_instance.app",
            "module.standby.aws_lb_target_group.orders",
            "module.standby.aws_security_group.alb",
            "module.standby.aws_security_group.app",
            "module.standby.aws_sqs_queue.dlq",
            "module.standby.aws_sqs_queue.orders",
            "module.standby.aws_subnet.public",
            "module.standby.aws_vpc.this",
            "module.standby.data.aws_availability_zones.available",
            "module.standby.data.aws_region.current",
            "module.standby.data.aws_ssm_parameter.ubuntu_ami"
          ]
        }
      ]
    },
    {
      "module": "module.standby",
      "mode": "managed",
      "type": "aws_route_table",
      "name": "public",
      "provider": "provider[\"registry.terraform.io/hashicorp/aws\"].standby",
      "instances": [
        {
          "schema_version": 0,
          "attributes": {
            "arn": "arn:aws:ec2:eu-central-1:595658221962:route-table/rtb-0f4dc9995278141df",
            "id": "rtb-0f4dc9995278141df",
            "owner_id": "595658221962",
            "propagating_vgws": [],
            "route": [
              {
                "carrier_gateway_id": "",
                "cidr_block": "0.0.0.0/0",
                "core_network_arn": "",
                "destination_prefix_list_id": "",
                "egress_only_gateway_id": "",
                "gateway_id": "igw-0dc4347d4e6fd07f0",
                "ipv6_cidr_block": "",
                "local_gateway_id": "",
                "nat_gateway_id": "",
                "network_interface_id": "",
                "transit_gateway_id": "",
                "vpc_endpoint_id": "",
                "vpc_peering_connection_id": ""
              }
            ],
            "tags": {
              "Name": "sin-final-project-standby-public-rt"
            },
            "tags_all": {
              "DRPattern": "warm-standby",
              "ManagedBy": "terraform",
              "Name": "sin-final-project-standby-public-rt",
              "Project": "sin-final-project"
            },
            "timeouts": null,
            "vpc_id": "vpc-089e45ef06db3b670"
          },
          "sensitive_attributes": [],
          "identity_schema_version": 0,
          "private": "eyJlMmJmYjczMC1lY2FhLTExZTYtOGY4OC0zNDM2M2JjN2M0YzAiOnsiY3JlYXRlIjozMDAwMDAwMDAwMDAsImRlbGV0ZSI6MzAwMDAwMDAwMDAwLCJ1cGRhdGUiOjEyMDAwMDAwMDAwMH19",
          "dependencies": [
            "module.standby.aws_internet_gateway.this",
            "module.standby.aws_vpc.this"
          ]
        }
      ]
    },
    {
      "module": "module.standby",
      "mode": "managed",
      "type": "aws_route_table_association",
      "name": "public",
      "provider": "provider[\"registry.terraform.io/hashicorp/aws\"].standby",
      "instances": [
        {
          "index_key": 0,
          "schema_version": 0,
          "attributes": {
            "gateway_id": "",
            "id": "rtbassoc-033216b00352e15a2",
            "route_table_id": "rtb-0f4dc9995278141df",
            "subnet_id": "subnet-08363f58b64b3993c",
            "timeouts": null
          },
          "sensitive_attributes": [],
          "identity_schema_version": 0,
          "private": "eyJlMmJmYjczMC1lY2FhLTExZTYtOGY4OC0zNDM2M2JjN2M0YzAiOnsiY3JlYXRlIjozMDAwMDAwMDAwMDAsImRlbGV0ZSI6MzAwMDAwMDAwMDAwLCJ1cGRhdGUiOjEyMDAwMDAwMDAwMH19",
          "dependencies": [
            "module.standby.aws_internet_gateway.this",
            "module.standby.aws_route_table.public",
            "module.standby.aws_subnet.public",
            "module.standby.aws_vpc.this",
            "module.standby.data.aws_availability_zones.available"
          ]
        },
        {
          "index_key": 1,
          "schema_version": 0,
          "attributes": {
            "gateway_id": "",
            "id": "rtbassoc-09d63826151f33e2b",
            "route_table_id": "rtb-0f4dc9995278141df",
            "subnet_id": "subnet-08f65e101a7c582c2",
            "timeouts": null
          },
          "sensitive_attributes": [],
          "identity_schema_version": 0,
          "private": "eyJlMmJmYjczMC1lY2FhLTExZTYtOGY4OC0zNDM2M2JjN2M0YzAiOnsiY3JlYXRlIjozMDAwMDAwMDAwMDAsImRlbGV0ZSI6MzAwMDAwMDAwMDAwLCJ1cGRhdGUiOjEyMDAwMDAwMDAwMH19",
          "dependencies": [
            "module.standby.aws_internet_gateway.this",
            "module.standby.aws_route_table.public",
            "module.standby.aws_subnet.public",
            "module.standby.aws_vpc.this",
            "module.standby.data.aws_availability_zones.available"
          ]
        }
      ]
    },
    {
      "module": "module.standby",
      "mode": "managed",
      "type": "aws_security_group",
      "name": "alb",
      "provider": "provider[\"registry.terraform.io/hashicorp/aws\"].standby",
      "instances": [
        {
          "schema_version": 1,
          "attributes": {
            "arn": "arn:aws:ec2:eu-central-1:595658221962:security-group/sg-0177dffe939c45da9",
            "description": "Public HTTP ingress for the regional ALB",
            "egress": [
              {
                "cidr_blocks": [
                  "0.0.0.0/0"
                ],
                "description": "",
                "from_port": 0,
                "ipv6_cidr_blocks": [],
                "prefix_list_ids": [],
                "protocol": "-1",
                "security_groups": [],
                "self": false,
                "to_port": 0
              }
            ],
            "id": "sg-0177dffe939c45da9",
            "ingress": [
              {
                "cidr_blocks": [
                  "0.0.0.0/0"
                ],
                "description": "",
                "from_port": 80,
                "ipv6_cidr_blocks": [],
                "prefix_list_ids": [],
                "protocol": "tcp",
                "security_groups": [],
                "self": false,
                "to_port": 80
              }
            ],
            "name": "sin-final-project-standby-alb-sg",
            "name_prefix": "",
            "owner_id": "595658221962",
            "revoke_rules_on_delete": false,
            "tags": {},
            "tags_all": {
              "DRPattern": "warm-standby",
              "ManagedBy": "terraform",
              "Project": "sin-final-project"
            },
            "timeouts": null,
            "vpc_id": "vpc-089e45ef06db3b670"
          },
          "sensitive_attributes": [],
          "identity_schema_version": 0,
          "private": "eyJlMmJmYjczMC1lY2FhLTExZTYtOGY4OC0zNDM2M2JjN2M0YzAiOnsiY3JlYXRlIjo2MDAwMDAwMDAwMDAsImRlbGV0ZSI6OTAwMDAwMDAwMDAwfSwic2NoZW1hX3ZlcnNpb24iOiIxIn0=",
          "dependencies": [
            "module.standby.aws_vpc.this"
          ]
        }
      ]
    },
    {
      "module": "module.standby",
      "mode": "managed",
      "type": "aws_security_group",
      "name": "app",
      "provider": "provider[\"registry.terraform.io/hashicorp/aws\"].standby",
      "instances": [
        {
          "schema_version": 1,
          "attributes": {
            "arn": "arn:aws:ec2:eu-central-1:595658221962:security-group/sg-0557da3c0136004ae",
            "description": "Application traffic from ALB and restricted SSH",
            "egress": [
              {
                "cidr_blocks": [
                  "0.0.0.0/0"
                ],
                "description": "",
                "from_port": 0,
                "ipv6_cidr_blocks": [],
                "prefix_list_ids": [],
                "protocol": "-1",
                "security_groups": [],
                "self": false,
                "to_port": 0
              }
            ],
            "id": "sg-0557da3c0136004ae",
            "ingress": [
              {
                "cidr_blocks": [
                  "85.246.99.185/32"
                ],
                "description": "",
                "from_port": 22,
                "ipv6_cidr_blocks": [],
                "prefix_list_ids": [],
                "protocol": "tcp",
                "security_groups": [],
                "self": false,
                "to_port": 22
              },
              {
                "cidr_blocks": [],
                "description": "",
                "from_port": 8080,
                "ipv6_cidr_blocks": [],
                "prefix_list_ids": [],
                "protocol": "tcp",
                "security_groups": [
                  "sg-0177dffe939c45da9"
                ],
                "self": false,
                "to_port": 8081
              }
            ],
            "name": "sin-final-project-standby-app-sg",
            "name_prefix": "",
            "owner_id": "595658221962",
            "revoke_rules_on_delete": false,
            "tags": {},
            "tags_all": {
              "DRPattern": "warm-standby",
              "ManagedBy": "terraform",
              "Project": "sin-final-project"
            },
            "timeouts": null,
            "vpc_id": "vpc-089e45ef06db3b670"
          },
          "sensitive_attributes": [],
          "identity_schema_version": 0,
          "private": "eyJlMmJmYjczMC1lY2FhLTExZTYtOGY4OC0zNDM2M2JjN2M0YzAiOnsiY3JlYXRlIjo2MDAwMDAwMDAwMDAsImRlbGV0ZSI6OTAwMDAwMDAwMDAwfSwic2NoZW1hX3ZlcnNpb24iOiIxIn0=",
          "dependencies": [
            "module.standby.aws_security_group.alb",
            "module.standby.aws_vpc.this"
          ]
        }
      ]
    },
    {
      "module": "module.standby",
      "mode": "managed",
      "type": "aws_security_group",
      "name": "database",
      "provider": "provider[\"registry.terraform.io/hashicorp/aws\"].standby",
      "instances": [
        {
          "schema_version": 1,
          "attributes": {
            "arn": "arn:aws:ec2:eu-central-1:595658221962:security-group/sg-0e00f9e6fd7c7cf77",
            "description": "PostgreSQL only from app instances",
            "egress": [
              {
                "cidr_blocks": [
                  "0.0.0.0/0"
                ],
                "description": "",
                "from_port": 0,
                "ipv6_cidr_blocks": [],
                "prefix_list_ids": [],
                "protocol": "-1",
                "security_groups": [],
                "self": false,
                "to_port": 0
              }
            ],
            "id": "sg-0e00f9e6fd7c7cf77",
            "ingress": [
              {
                "cidr_blocks": [],
                "description": "",
                "from_port": 5432,
                "ipv6_cidr_blocks": [],
                "prefix_list_ids": [],
                "protocol": "tcp",
                "security_groups": [
                  "sg-0557da3c0136004ae"
                ],
                "self": false,
                "to_port": 5432
              }
            ],
            "name": "sin-final-project-standby-db-sg",
            "name_prefix": "",
            "owner_id": "595658221962",
            "revoke_rules_on_delete": false,
            "tags": {},
            "tags_all": {
              "DRPattern": "warm-standby",
              "ManagedBy": "terraform",
              "Project": "sin-final-project"
            },
            "timeouts": null,
            "vpc_id": "vpc-089e45ef06db3b670"
          },
          "sensitive_attributes": [],
          "identity_schema_version": 0,
          "private": "eyJlMmJmYjczMC1lY2FhLTExZTYtOGY4OC0zNDM2M2JjN2M0YzAiOnsiY3JlYXRlIjo2MDAwMDAwMDAwMDAsImRlbGV0ZSI6OTAwMDAwMDAwMDAwfSwic2NoZW1hX3ZlcnNpb24iOiIxIn0=",
          "dependencies": [
            "module.standby.aws_security_group.alb",
            "module.standby.aws_security_group.app",
            "module.standby.aws_vpc.this"
          ]
        }
      ]
    },
    {
      "module": "module.standby",
      "mode": "managed",
      "type": "aws_sqs_queue",
      "name": "dlq",
      "provider": "provider[\"registry.terraform.io/hashicorp/aws\"].standby",
      "instances": [
        {
          "schema_version": 0,
          "attributes": {
            "arn": "arn:aws:sqs:eu-central-1:595658221962:sin-final-project-standby-orders-dlq",
            "content_based_deduplication": false,
            "deduplication_scope": "",
            "delay_seconds": 0,
            "fifo_queue": false,
            "fifo_throughput_limit": "",
            "id": "https://sqs.eu-central-1.amazonaws.com/595658221962/sin-final-project-standby-orders-dlq",
            "kms_data_key_reuse_period_seconds": 300,
            "kms_master_key_id": "",
            "max_message_size": 262144,
            "message_retention_seconds": 1209600,
            "name": "sin-final-project-standby-orders-dlq",
            "name_prefix": "",
            "policy": "",
            "receive_wait_time_seconds": 0,
            "redrive_allow_policy": "",
            "redrive_policy": "",
            "sqs_managed_sse_enabled": true,
            "tags": {},
            "tags_all": {
              "DRPattern": "warm-standby",
              "ManagedBy": "terraform",
              "Project": "sin-final-project"
            },
            "timeouts": null,
            "url": "https://sqs.eu-central-1.amazonaws.com/595658221962/sin-final-project-standby-orders-dlq",
            "visibility_timeout_seconds": 30
          },
          "sensitive_attributes": [],
          "identity_schema_version": 0,
          "private": "eyJlMmJmYjczMC1lY2FhLTExZTYtOGY4OC0zNDM2M2JjN2M0YzAiOnsiY3JlYXRlIjoxODAwMDAwMDAwMDAsImRlbGV0ZSI6MTgwMDAwMDAwMDAwLCJ1cGRhdGUiOjE4MDAwMDAwMDAwMH19"
        }
      ]
    },
    {
      "module": "module.standby",
      "mode": "managed",
      "type": "aws_sqs_queue",
      "name": "orders",
      "provider": "provider[\"registry.terraform.io/hashicorp/aws\"].standby",
      "instances": [
        {
          "schema_version": 0,
          "attributes": {
            "arn": "arn:aws:sqs:eu-central-1:595658221962:sin-final-project-standby-orders",
            "content_based_deduplication": false,
            "deduplication_scope": "",
            "delay_seconds": 0,
            "fifo_queue": false,
            "fifo_throughput_limit": "",
            "id": "https://sqs.eu-central-1.amazonaws.com/595658221962/sin-final-project-standby-orders",
            "kms_data_key_reuse_period_seconds": 300,
            "kms_master_key_id": "",
            "max_message_size": 262144,
            "message_retention_seconds": 345600,
            "name": "sin-final-project-standby-orders",
            "name_prefix": "",
            "policy": "",
            "receive_wait_time_seconds": 0,
            "redrive_allow_policy": "",
            "redrive_policy": "{\"deadLetterTargetArn\":\"arn:aws:sqs:eu-central-1:595658221962:sin-final-project-standby-orders-dlq\",\"maxReceiveCount\":3}",
            "sqs_managed_sse_enabled": true,
            "tags": {},
            "tags_all": {
              "DRPattern": "warm-standby",
              "ManagedBy": "terraform",
              "Project": "sin-final-project"
            },
            "timeouts": null,
            "url": "https://sqs.eu-central-1.amazonaws.com/595658221962/sin-final-project-standby-orders",
            "visibility_timeout_seconds": 60
          },
          "sensitive_attributes": [],
          "identity_schema_version": 0,
          "private": "eyJlMmJmYjczMC1lY2FhLTExZTYtOGY4OC0zNDM2M2JjN2M0YzAiOnsiY3JlYXRlIjoxODAwMDAwMDAwMDAsImRlbGV0ZSI6MTgwMDAwMDAwMDAwLCJ1cGRhdGUiOjE4MDAwMDAwMDAwMH19",
          "dependencies": [
            "module.standby.aws_sqs_queue.dlq"
          ]
        }
      ]
    },
    {
      "module": "module.standby",
      "mode": "managed",
      "type": "aws_subnet",
      "name": "private",
      "provider": "provider[\"registry.terraform.io/hashicorp/aws\"].standby",
      "instances": [
        {
          "index_key": 0,
          "schema_version": 1,
          "attributes": {
            "arn": "arn:aws:ec2:eu-central-1:595658221962:subnet/subnet-01b7e8e35b87498de",
            "assign_ipv6_address_on_creation": false,
            "availability_zone": "eu-central-1a",
            "availability_zone_id": "euc1-az2",
            "cidr_block": "10.1.10.0/24",
            "customer_owned_ipv4_pool": "",
            "enable_dns64": false,
            "enable_lni_at_device_index": 0,
            "enable_resource_name_dns_a_record_on_launch": false,
            "enable_resource_name_dns_aaaa_record_on_launch": false,
            "id": "subnet-01b7e8e35b87498de",
            "ipv6_cidr_block": "",
            "ipv6_cidr_block_association_id": "",
            "ipv6_native": false,
            "map_customer_owned_ip_on_launch": false,
            "map_public_ip_on_launch": false,
            "outpost_arn": "",
            "owner_id": "595658221962",
            "private_dns_hostname_type_on_launch": "ip-name",
            "tags": {
              "Name": "sin-final-project-standby-private-1",
              "Tier": "private"
            },
            "tags_all": {
              "DRPattern": "warm-standby",
              "ManagedBy": "terraform",
              "Name": "sin-final-project-standby-private-1",
              "Project": "sin-final-project",
              "Tier": "private"
            },
            "timeouts": null,
            "vpc_id": "vpc-089e45ef06db3b670"
          },
          "sensitive_attributes": [],
          "identity_schema_version": 0,
          "private": "eyJlMmJmYjczMC1lY2FhLTExZTYtOGY4OC0zNDM2M2JjN2M0YzAiOnsiY3JlYXRlIjo2MDAwMDAwMDAwMDAsImRlbGV0ZSI6MTIwMDAwMDAwMDAwMH0sInNjaGVtYV92ZXJzaW9uIjoiMSJ9",
          "dependencies": [
            "module.standby.aws_vpc.this",
            "module.standby.data.aws_availability_zones.available"
          ]
        },
        {
          "index_key": 1,
          "schema_version": 1,
          "attributes": {
            "arn": "arn:aws:ec2:eu-central-1:595658221962:subnet/subnet-048d09d509e6e0a0f",
            "assign_ipv6_address_on_creation": false,
            "availability_zone": "eu-central-1b",
            "availability_zone_id": "euc1-az3",
            "cidr_block": "10.1.20.0/24",
            "customer_owned_ipv4_pool": "",
            "enable_dns64": false,
            "enable_lni_at_device_index": 0,
            "enable_resource_name_dns_a_record_on_launch": false,
            "enable_resource_name_dns_aaaa_record_on_launch": false,
            "id": "subnet-048d09d509e6e0a0f",
            "ipv6_cidr_block": "",
            "ipv6_cidr_block_association_id": "",
            "ipv6_native": false,
            "map_customer_owned_ip_on_launch": false,
            "map_public_ip_on_launch": false,
            "outpost_arn": "",
            "owner_id": "595658221962",
            "private_dns_hostname_type_on_launch": "ip-name",
            "tags": {
              "Name": "sin-final-project-standby-private-2",
              "Tier": "private"
            },
            "tags_all": {
              "DRPattern": "warm-standby",
              "ManagedBy": "terraform",
              "Name": "sin-final-project-standby-private-2",
              "Project": "sin-final-project",
              "Tier": "private"
            },
            "timeouts": null,
            "vpc_id": "vpc-089e45ef06db3b670"
          },
          "sensitive_attributes": [],
          "identity_schema_version": 0,
          "private": "eyJlMmJmYjczMC1lY2FhLTExZTYtOGY4OC0zNDM2M2JjN2M0YzAiOnsiY3JlYXRlIjo2MDAwMDAwMDAwMDAsImRlbGV0ZSI6MTIwMDAwMDAwMDAwMH0sInNjaGVtYV92ZXJzaW9uIjoiMSJ9",
          "dependencies": [
            "module.standby.aws_vpc.this",
            "module.standby.data.aws_availability_zones.available"
          ]
        }
      ]
    },
    {
      "module": "module.standby",
      "mode": "managed",
      "type": "aws_subnet",
      "name": "public",
      "provider": "provider[\"registry.terraform.io/hashicorp/aws\"].standby",
      "instances": [
        {
          "index_key": 0,
          "schema_version": 1,
          "attributes": {
            "arn": "arn:aws:ec2:eu-central-1:595658221962:subnet/subnet-08363f58b64b3993c",
            "assign_ipv6_address_on_creation": false,
            "availability_zone": "eu-central-1a",
            "availability_zone_id": "euc1-az2",
            "cidr_block": "10.1.1.0/24",
            "customer_owned_ipv4_pool": "",
            "enable_dns64": false,
            "enable_lni_at_device_index": 0,
            "enable_resource_name_dns_a_record_on_launch": false,
            "enable_resource_name_dns_aaaa_record_on_launch": false,
            "id": "subnet-08363f58b64b3993c",
            "ipv6_cidr_block": "",
            "ipv6_cidr_block_association_id": "",
            "ipv6_native": false,
            "map_customer_owned_ip_on_launch": false,
            "map_public_ip_on_launch": true,
            "outpost_arn": "",
            "owner_id": "595658221962",
            "private_dns_hostname_type_on_launch": "ip-name",
            "tags": {
              "Name": "sin-final-project-standby-public-1",
              "Tier": "public"
            },
            "tags_all": {
              "DRPattern": "warm-standby",
              "ManagedBy": "terraform",
              "Name": "sin-final-project-standby-public-1",
              "Project": "sin-final-project",
              "Tier": "public"
            },
            "timeouts": null,
            "vpc_id": "vpc-089e45ef06db3b670"
          },
          "sensitive_attributes": [],
          "identity_schema_version": 0,
          "private": "eyJlMmJmYjczMC1lY2FhLTExZTYtOGY4OC0zNDM2M2JjN2M0YzAiOnsiY3JlYXRlIjo2MDAwMDAwMDAwMDAsImRlbGV0ZSI6MTIwMDAwMDAwMDAwMH0sInNjaGVtYV92ZXJzaW9uIjoiMSJ9",
          "dependencies": [
            "module.standby.aws_vpc.this",
            "module.standby.data.aws_availability_zones.available"
          ]
        },
        {
          "index_key": 1,
          "schema_version": 1,
          "attributes": {
            "arn": "arn:aws:ec2:eu-central-1:595658221962:subnet/subnet-08f65e101a7c582c2",
            "assign_ipv6_address_on_creation": false,
            "availability_zone": "eu-central-1b",
            "availability_zone_id": "euc1-az3",
            "cidr_block": "10.1.2.0/24",
            "customer_owned_ipv4_pool": "",
            "enable_dns64": false,
            "enable_lni_at_device_index": 0,
            "enable_resource_name_dns_a_record_on_launch": false,
            "enable_resource_name_dns_aaaa_record_on_launch": false,
            "id": "subnet-08f65e101a7c582c2",
            "ipv6_cidr_block": "",
            "ipv6_cidr_block_association_id": "",
            "ipv6_native": false,
            "map_customer_owned_ip_on_launch": false,
            "map_public_ip_on_launch": true,
            "outpost_arn": "",
            "owner_id": "595658221962",
            "private_dns_hostname_type_on_launch": "ip-name",
            "tags": {
              "Name": "sin-final-project-standby-public-2",
              "Tier": "public"
            },
            "tags_all": {
              "DRPattern": "warm-standby",
              "ManagedBy": "terraform",
              "Name": "sin-final-project-standby-public-2",
              "Project": "sin-final-project",
              "Tier": "public"
            },
            "timeouts": null,
            "vpc_id": "vpc-089e45ef06db3b670"
          },
          "sensitive_attributes": [],
          "identity_schema_version": 0,
          "private": "eyJlMmJmYjczMC1lY2FhLTExZTYtOGY4OC0zNDM2M2JjN2M0YzAiOnsiY3JlYXRlIjo2MDAwMDAwMDAwMDAsImRlbGV0ZSI6MTIwMDAwMDAwMDAwMH0sInNjaGVtYV92ZXJzaW9uIjoiMSJ9",
          "dependencies": [
            "module.standby.aws_vpc.this",
            "module.standby.data.aws_availability_zones.available"
          ]
        }
      ]
    },
    {
      "module": "module.standby",
      "mode": "managed",
      "type": "aws_vpc",
      "name": "this",
      "provider": "provider[\"registry.terraform.io/hashicorp/aws\"].standby",
      "instances": [
        {
          "schema_version": 1,
          "attributes": {
            "arn": "arn:aws:ec2:eu-central-1:595658221962:vpc/vpc-089e45ef06db3b670",
            "assign_generated_ipv6_cidr_block": false,
            "cidr_block": "10.1.0.0/16",
            "default_network_acl_id": "acl-0bf4b157a25c9547d",
            "default_route_table_id": "rtb-0723ad70f18f3b413",
            "default_security_group_id": "sg-0c89c61aa383d1761",
            "dhcp_options_id": "dopt-077f525b327249407",
            "enable_dns_hostnames": true,
            "enable_dns_support": true,
            "enable_network_address_usage_metrics": false,
            "id": "vpc-089e45ef06db3b670",
            "instance_tenancy": "default",
            "ipv4_ipam_pool_id": null,
            "ipv4_netmask_length": null,
            "ipv6_association_id": "",
            "ipv6_cidr_block": "",
            "ipv6_cidr_block_network_border_group": "",
            "ipv6_ipam_pool_id": "",
            "ipv6_netmask_length": 0,
            "main_route_table_id": "rtb-0723ad70f18f3b413",
            "owner_id": "595658221962",
            "tags": {
              "Environment": "standby",
              "Name": "sin-final-project-standby-vpc"
            },
            "tags_all": {
              "DRPattern": "warm-standby",
              "Environment": "standby",
              "ManagedBy": "terraform",
              "Name": "sin-final-project-standby-vpc",
              "Project": "sin-final-project"
            }
          },
          "sensitive_attributes": [],
          "identity_schema_version": 0,
          "private": "eyJzY2hlbWFfdmVyc2lvbiI6IjEifQ=="
        }
      ]
    },
    {
      "module": "module.standby_database[0]",
      "mode": "managed",
      "type": "aws_db_instance",
      "name": "this",
      "provider": "provider[\"registry.terraform.io/hashicorp/aws\"].standby",
      "instances": [
        {
          "schema_version": 2,
          "attributes": {
            "address": "sin-final-project-standby-postgres.c3gy0u8gkc1a.eu-central-1.rds.amazonaws.com",
            "allocated_storage": 20,
            "allow_major_version_upgrade": null,
            "apply_immediately": true,
            "arn": "arn:aws:rds:eu-central-1:595658221962:db:sin-final-project-standby-postgres",
            "auto_minor_version_upgrade": true,
            "availability_zone": "eu-central-1a",
            "backup_retention_period": 7,
            "backup_target": "region",
            "backup_window": "03:00-04:00",
            "blue_green_update": [],
            "ca_cert_identifier": "rds-ca-rsa2048-g1",
            "character_set_name": "",
            "copy_tags_to_snapshot": false,
            "custom_iam_instance_profile": "",
            "customer_owned_ip_enabled": false,
            "database_insights_mode": "standard",
            "db_name": "shopdb",
            "db_subnet_group_name": "sin-final-project-standby-db-subnets",
            "dedicated_log_volume": false,
            "delete_automated_backups": true,
            "deletion_protection": false,
            "domain": "",
            "domain_auth_secret_arn": "",
            "domain_dns_ips": [],
            "domain_fqdn": "",
            "domain_iam_role_name": "",
            "domain_ou": "",
            "enabled_cloudwatch_logs_exports": [],
            "endpoint": "sin-final-project-standby-postgres.c3gy0u8gkc1a.eu-central-1.rds.amazonaws.com:5432",
            "engine": "postgres",
            "engine_lifecycle_support": "open-source-rds-extended-support",
            "engine_version": "16.13",
            "engine_version_actual": "16.13",
            "final_snapshot_identifier": null,
            "hosted_zone_id": "Z1RLNUO7B9Q6NB",
            "iam_database_authentication_enabled": false,
            "id": "db-GMRD2VMSSA4CBVQ6QPTUJCJ3CI",
            "identifier": "sin-final-project-standby-postgres",
            "identifier_prefix": "",
            "instance_class": "db.t3.micro",
            "iops": 3000,
            "kms_key_id": "arn:aws:kms:eu-central-1:595658221962:key/eefcd941-cebd-4335-b8f1-880db26854ba",
            "latest_restorable_time": "",
            "license_model": "postgresql-license",
            "listener_endpoint": [],
            "maintenance_window": "sun:04:30-sun:05:30",
            "manage_master_user_password": null,
            "master_user_secret": [],
            "master_user_secret_kms_key_id": null,
            "max_allocated_storage": 0,
            "monitoring_interval": 0,
            "monitoring_role_arn": "",
            "multi_az": false,
            "nchar_character_set_name": "",
            "network_type": "IPV4",
            "option_group_name": "default:postgres-16",
            "parameter_group_name": "default.postgres16",
            "password": null,
            "password_wo": null,
            "password_wo_version": null,
            "performance_insights_enabled": false,
            "performance_insights_kms_key_id": "",
            "performance_insights_retention_period": 0,
            "port": 5432,
            "publicly_accessible": false,
            "replica_mode": "",
            "replicas": [],
            "replicate_source_db": "arn:aws:rds:eu-west-1:595658221962:db:sin-final-project-primary-postgres",
            "resource_id": "db-GMRD2VMSSA4CBVQ6QPTUJCJ3CI",
            "restore_to_point_in_time": [],
            "s3_import": [],
            "skip_final_snapshot": true,
            "snapshot_identifier": null,
            "status": "available",
            "storage_encrypted": true,
            "storage_throughput": 125,
            "storage_type": "gp3",
            "tags": {},
            "tags_all": {
              "DRPattern": "warm-standby",
              "ManagedBy": "terraform",
              "Project": "sin-final-project"
            },
            "timeouts": null,
            "timezone": "",
            "upgrade_storage_config": null,
            "username": "shopadmin",
            "vpc_security_group_ids": [
              "sg-0e00f9e6fd7c7cf77"
            ]
          },
          "sensitive_attributes": [
            [
              {
                "type": "get_attr",
                "value": "password"
              }
            ],
            [
              {
                "type": "get_attr",
                "value": "password_wo"
              }
            ]
          ],
          "identity_schema_version": 0,
          "private": "eyJlMmJmYjczMC1lY2FhLTExZTYtOGY4OC0zNDM2M2JjN2M0YzAiOnsiY3JlYXRlIjozMDAwMDAwMDAwMDAwLCJkZWxldGUiOjM2MDAwMDAwMDAwMDAsInVwZGF0ZSI6NDgwMDAwMDAwMDAwMH0sInNjaGVtYV92ZXJzaW9uIjoiMiJ9",
          "dependencies": [
            "module.primary.aws_security_group.alb",
            "module.primary.aws_security_group.app",
            "module.primary.aws_security_group.database",
            "module.primary.aws_subnet.private",
            "module.primary.aws_vpc.this",
            "module.primary.data.aws_availability_zones.available",
            "module.primary_database.aws_db_instance.this",
            "module.primary_database.aws_db_subnet_group.this",
            "module.standby.aws_security_group.alb",
            "module.standby.aws_security_group.app",
            "module.standby.aws_security_group.database",
            "module.standby.aws_subnet.private",
            "module.standby.aws_vpc.this",
            "module.standby.data.aws_availability_zones.available",
            "module.standby_database.aws_db_subnet_group.this",
            "module.standby_database.aws_kms_key.replica",
            "random_password.database"
          ]
        }
      ]
    },
    {
      "module": "module.standby_database[0]",
      "mode": "managed",
      "type": "aws_db_subnet_group",
      "name": "this",
      "provider": "provider[\"registry.terraform.io/hashicorp/aws\"].standby",
      "instances": [
        {
          "schema_version": 0,
          "attributes": {
            "arn": "arn:aws:rds:eu-central-1:595658221962:subgrp:sin-final-project-standby-db-subnets",
            "description": "Managed by Terraform",
            "id": "sin-final-project-standby-db-subnets",
            "name": "sin-final-project-standby-db-subnets",
            "name_prefix": "",
            "subnet_ids": [
              "subnet-01b7e8e35b87498de",
              "subnet-048d09d509e6e0a0f"
            ],
            "supported_network_types": [
              "IPV4"
            ],
            "tags": {},
            "tags_all": {
              "DRPattern": "warm-standby",
              "ManagedBy": "terraform",
              "Project": "sin-final-project"
            },
            "vpc_id": "vpc-089e45ef06db3b670"
          },
          "sensitive_attributes": [],
          "identity_schema_version": 0,
          "private": "bnVsbA==",
          "dependencies": [
            "module.standby.aws_subnet.private",
            "module.standby.aws_vpc.this",
            "module.standby.data.aws_availability_zones.available"
          ]
        }
      ]
    },
    {
      "module": "module.standby_database[0]",
      "mode": "managed",
      "type": "aws_kms_key",
      "name": "replica",
      "provider": "provider[\"registry.terraform.io/hashicorp/aws\"].standby",
      "instances": [
        {
          "schema_version": 0,
          "attributes": {
            "arn": "arn:aws:kms:eu-central-1:595658221962:key/eefcd941-cebd-4335-b8f1-880db26854ba",
            "bypass_policy_lockout_safety_check": false,
            "custom_key_store_id": "",
            "customer_master_key_spec": "SYMMETRIC_DEFAULT",
            "deletion_window_in_days": 7,
            "description": "KMS key for cross-region RDS read replica",
            "enable_key_rotation": true,
            "id": "eefcd941-cebd-4335-b8f1-880db26854ba",
            "is_enabled": true,
            "key_id": "eefcd941-cebd-4335-b8f1-880db26854ba",
            "key_usage": "ENCRYPT_DECRYPT",
            "multi_region": false,
            "policy": "{\"Id\":\"key-default-1\",\"Statement\":[{\"Action\":\"kms:*\",\"Effect\":\"Allow\",\"Principal\":{\"AWS\":\"arn:aws:iam::595658221962:root\"},\"Resource\":\"*\",\"Sid\":\"Enable IAM User Permissions\"}],\"Version\":\"2012-10-17\"}",
            "rotation_period_in_days": 365,
            "tags": {},
            "tags_all": {
              "DRPattern": "warm-standby",
              "ManagedBy": "terraform",
              "Project": "sin-final-project"
            },
            "timeouts": null,
            "xks_key_id": ""
          },
          "sensitive_attributes": [],
          "identity_schema_version": 0,
          "private": "eyJlMmJmYjczMC1lY2FhLTExZTYtOGY4OC0zNDM2M2JjN2M0YzAiOnsiY3JlYXRlIjoxMjAwMDAwMDAwMDB9fQ=="
        }
      ]
    }
  ],
  "check_results": null
}
